// !$*UTF8*$!
{
	archiveVersion = 1;
	classes = {
	};
	objectVersion = 51;
	objects = {

/* Begin PBXBuildFile section */
		207F4FB824B757920044E1B7 /* RequirementDetailViewModel.swift in Sources */ = {isa = PBXBuildFile; fileRef = 207F4FB724B757920044E1B7 /* RequirementDetailViewModel.swift */; };
		207F4FBA24B758220044E1B7 /* RequirementDetailView.swift in Sources */ = {isa = PBXBuildFile; fileRef = 207F4FB924B758220044E1B7 /* RequirementDetailView.swift */; };
		207F4FBD24B7DA370044E1B7 /* DismissKeyboardHelper.swift in Sources */ = {isa = PBXBuildFile; fileRef = 207F4FBC24B7DA370044E1B7 /* DismissKeyboardHelper.swift */; };
		207F4FC324BB6F6F0044E1B7 /* NavigationListView.swift in Sources */ = {isa = PBXBuildFile; fileRef = 207F4FC224BB6F6F0044E1B7 /* NavigationListView.swift */; };
		207F4FC524BB6FD50044E1B7 /* ProjectDetailView.swift in Sources */ = {isa = PBXBuildFile; fileRef = 207F4FC424BB6FD50044E1B7 /* ProjectDetailView.swift */; };
		207F4FC824BB73760044E1B7 /* RequirementDetailTitleBarView.swift in Sources */ = {isa = PBXBuildFile; fileRef = 207F4FC724BB73760044E1B7 /* RequirementDetailTitleBarView.swift */; };
		207F4FCA24BB78020044E1B7 /* RequirementSectionView.swift in Sources */ = {isa = PBXBuildFile; fileRef = 207F4FC924BB78020044E1B7 /* RequirementSectionView.swift */; };
		207F4FD424BB81060044E1B7 /* AssigneeEditView.swift in Sources */ = {isa = PBXBuildFile; fileRef = 207F4FD324BB81060044E1B7 /* AssigneeEditView.swift */; };
		207F4FD724BD00B70044E1B7 /* LoginView.swift in Sources */ = {isa = PBXBuildFile; fileRef = 207F4FD624BD00B70044E1B7 /* LoginView.swift */; };
		207F4FD924BD026B0044E1B7 /* SessionStore.swift in Sources */ = {isa = PBXBuildFile; fileRef = 207F4FD824BD026B0044E1B7 /* SessionStore.swift */; };
		207F4FDB24BD02ED0044E1B7 /* User.swift in Sources */ = {isa = PBXBuildFile; fileRef = 207F4FDA24BD02ED0044E1B7 /* User.swift */; };
		207F4FDD24BD0EC90044E1B7 /* LoginViewModel.swift in Sources */ = {isa = PBXBuildFile; fileRef = 207F4FDC24BD0EC90044E1B7 /* LoginViewModel.swift */; };
		207F4FDF24BD35FE0044E1B7 /* ProjectMemberListViewModel.swift in Sources */ = {isa = PBXBuildFile; fileRef = 207F4FDE24BD35FE0044E1B7 /* ProjectMemberListViewModel.swift */; };
		207F4FE124BD39830044E1B7 /* ProjectMembersStore.swift in Sources */ = {isa = PBXBuildFile; fileRef = 207F4FE024BD39830044E1B7 /* ProjectMembersStore.swift */; };
		207F4FE824BD3E7E0044E1B7 /* ProjectMemberCellViewModel.swift in Sources */ = {isa = PBXBuildFile; fileRef = 207F4FE724BD3E7E0044E1B7 /* ProjectMemberCellViewModel.swift */; };
		207F4FEB24BD3FF90044E1B7 /* AssigneeListView.swift in Sources */ = {isa = PBXBuildFile; fileRef = 207F4FEA24BD3FF90044E1B7 /* AssigneeListView.swift */; };
		207F4FED24BD407A0044E1B7 /* AssigneeCellView.swift in Sources */ = {isa = PBXBuildFile; fileRef = 207F4FEC24BD407A0044E1B7 /* AssigneeCellView.swift */; };
		207F4FEF24BD41CC0044E1B7 /* WorkInProgressView.swift in Sources */ = {isa = PBXBuildFile; fileRef = 207F4FEE24BD41CC0044E1B7 /* WorkInProgressView.swift */; };
		207F4FF124BD51CA0044E1B7 /* RequirementSimpleSectionView.swift in Sources */ = {isa = PBXBuildFile; fileRef = 207F4FF024BD51CA0044E1B7 /* RequirementSimpleSectionView.swift */; };
		207F4FF424BE980D0044E1B7 /* CoreConstants.swift in Sources */ = {isa = PBXBuildFile; fileRef = 207F4FF324BE980D0044E1B7 /* CoreConstants.swift */; };
		207F4FF624BE9E4D0044E1B7 /* UserConstants.swift in Sources */ = {isa = PBXBuildFile; fileRef = 207F4FF524BE9E4D0044E1B7 /* UserConstants.swift */; };
		207F4FF924BEA24E0044E1B7 /* StatusEditView.swift in Sources */ = {isa = PBXBuildFile; fileRef = 207F4FF824BEA24E0044E1B7 /* StatusEditView.swift */; };
		207F4FFB24BEA2A30044E1B7 /* RequirementStatusConstants.swift in Sources */ = {isa = PBXBuildFile; fileRef = 207F4FFA24BEA2A30044E1B7 /* RequirementStatusConstants.swift */; };
		207F500324BFC3C50044E1B7 /* PickListView.swift in Sources */ = {isa = PBXBuildFile; fileRef = 207F500224BFC3C50044E1B7 /* PickListView.swift */; };
		207F500524BFC3D40044E1B7 /* PickListOptionView.swift in Sources */ = {isa = PBXBuildFile; fileRef = 207F500424BFC3D40044E1B7 /* PickListOptionView.swift */; };
		207F500724BFC4560044E1B7 /* PickListItem.swift in Sources */ = {isa = PBXBuildFile; fileRef = 207F500624BFC4560044E1B7 /* PickListItem.swift */; };
		208A9E1C24C33B4C000D07BD /* FeaturesEditView.swift in Sources */ = {isa = PBXBuildFile; fileRef = 208A9E1B24C33B4C000D07BD /* FeaturesEditView.swift */; };
		208A9E1E24C33BB6000D07BD /* EditSectionHeaderView.swift in Sources */ = {isa = PBXBuildFile; fileRef = 208A9E1D24C33BB6000D07BD /* EditSectionHeaderView.swift */; };
		208A9E2024C33E01000D07BD /* FeaturesEditListView.swift in Sources */ = {isa = PBXBuildFile; fileRef = 208A9E1F24C33E01000D07BD /* FeaturesEditListView.swift */; };
		208A9E2224C33E1C000D07BD /* FeaturesEditListItemView.swift in Sources */ = {isa = PBXBuildFile; fileRef = 208A9E2124C33E1C000D07BD /* FeaturesEditListItemView.swift */; };
		2093C37A24B52D63001C6C5F /* ProjectListViewModel.swift in Sources */ = {isa = PBXBuildFile; fileRef = 2093C37924B52D63001C6C5F /* ProjectListViewModel.swift */; };
		2093C37C24B52EDD001C6C5F /* ProjectCellViewModel.swift in Sources */ = {isa = PBXBuildFile; fileRef = 2093C37B24B52EDD001C6C5F /* ProjectCellViewModel.swift */; };
		2093C37E24B5398B001C6C5F /* ProjectListView.swift in Sources */ = {isa = PBXBuildFile; fileRef = 2093C37D24B5398B001C6C5F /* ProjectListView.swift */; };
		2093C38024B56745001C6C5F /* ProjectListCellView.swift in Sources */ = {isa = PBXBuildFile; fileRef = 2093C37F24B56745001C6C5F /* ProjectListCellView.swift */; };
		2093C38424B5735E001C6C5F /* RequirementsStore.swift in Sources */ = {isa = PBXBuildFile; fileRef = 2093C38324B5735E001C6C5F /* RequirementsStore.swift */; };
		2093C38624B687A7001C6C5F /* GoogleService-Info.plist in Resources */ = {isa = PBXBuildFile; fileRef = 2093C38524B687A7001C6C5F /* GoogleService-Info.plist */; };
		2093C38824B6C189001C6C5F /* RequirementListViewModel.swift in Sources */ = {isa = PBXBuildFile; fileRef = 2093C38724B6C189001C6C5F /* RequirementListViewModel.swift */; };
		2093C38C24B6C1C4001C6C5F /* RequirementCellViewModel.swift in Sources */ = {isa = PBXBuildFile; fileRef = 2093C38B24B6C1C4001C6C5F /* RequirementCellViewModel.swift */; };
		2093C38E24B6C535001C6C5F /* ProjectViewModel.swift in Sources */ = {isa = PBXBuildFile; fileRef = 2093C38D24B6C535001C6C5F /* ProjectViewModel.swift */; };
		20B7C79F24AFC5AB0098BBF6 /* AppDelegate.swift in Sources */ = {isa = PBXBuildFile; fileRef = 20B7C79E24AFC5AB0098BBF6 /* AppDelegate.swift */; };
		20B7C7A124AFC5AB0098BBF6 /* SceneDelegate.swift in Sources */ = {isa = PBXBuildFile; fileRef = 20B7C7A024AFC5AB0098BBF6 /* SceneDelegate.swift */; };
		20B7C7A424AFC5AB0098BBF6 /* Freelance_App.xcdatamodeld in Sources */ = {isa = PBXBuildFile; fileRef = 20B7C7A224AFC5AB0098BBF6 /* Freelance_App.xcdatamodeld */; };
		20B7C7A624AFC5AB0098BBF6 /* ContentView.swift in Sources */ = {isa = PBXBuildFile; fileRef = 20B7C7A524AFC5AB0098BBF6 /* ContentView.swift */; };
		20B7C7A824AFC5AE0098BBF6 /* Assets.xcassets in Resources */ = {isa = PBXBuildFile; fileRef = 20B7C7A724AFC5AE0098BBF6 /* Assets.xcassets */; };
		20B7C7AB24AFC5AE0098BBF6 /* Preview Assets.xcassets in Resources */ = {isa = PBXBuildFile; fileRef = 20B7C7AA24AFC5AE0098BBF6 /* Preview Assets.xcassets */; };
		20B7C7AE24AFC5AE0098BBF6 /* LaunchScreen.storyboard in Resources */ = {isa = PBXBuildFile; fileRef = 20B7C7AC24AFC5AE0098BBF6 /* LaunchScreen.storyboard */; };
		20B7C7B924AFC5AF0098BBF6 /* Freelance_AppTests.swift in Sources */ = {isa = PBXBuildFile; fileRef = 20B7C7B824AFC5AF0098BBF6 /* Freelance_AppTests.swift */; };
		20B7C7C424AFC5AF0098BBF6 /* Freelance_AppUITests.swift in Sources */ = {isa = PBXBuildFile; fileRef = 20B7C7C324AFC5AF0098BBF6 /* Freelance_AppUITests.swift */; };
		20B7C7D224AFC6240098BBF6 /* ProjectsView.swift in Sources */ = {isa = PBXBuildFile; fileRef = 20B7C7D124AFC6240098BBF6 /* ProjectsView.swift */; };
		20B7C7D424AFC86C0098BBF6 /* SearchBarView.swift in Sources */ = {isa = PBXBuildFile; fileRef = 20B7C7D324AFC86C0098BBF6 /* SearchBarView.swift */; };
		20B7C7DC24AFD1330098BBF6 /* Project.swift in Sources */ = {isa = PBXBuildFile; fileRef = 20B7C7DB24AFD1330098BBF6 /* Project.swift */; };
		20EDFF9724C1FF2700A56DCC /* FeaturesView.swift in Sources */ = {isa = PBXBuildFile; fileRef = 20EDFF9624C1FF2700A56DCC /* FeaturesView.swift */; };
		20EDFF9924C201D500A56DCC /* FeaturesListView.swift in Sources */ = {isa = PBXBuildFile; fileRef = 20EDFF9824C201D500A56DCC /* FeaturesListView.swift */; };
		20EDFF9B24C204E700A56DCC /* FeaturesListItemView.swift in Sources */ = {isa = PBXBuildFile; fileRef = 20EDFF9A24C204E700A56DCC /* FeaturesListItemView.swift */; };
		20FCE45024AFDC0A00D2C270 /* OverviewView.swift in Sources */ = {isa = PBXBuildFile; fileRef = 20FCE44F24AFDC0A00D2C270 /* OverviewView.swift */; };
		20FCE45224AFDCF100D2C270 /* CreateProjectView.swift in Sources */ = {isa = PBXBuildFile; fileRef = 20FCE45124AFDCF100D2C270 /* CreateProjectView.swift */; };
		20FCE45724AFE23700D2C270 /* RequirementsView.swift in Sources */ = {isa = PBXBuildFile; fileRef = 20FCE45624AFE23700D2C270 /* RequirementsView.swift */; };
		20FCE45A24AFED3700D2C270 /* ProjectsStore.swift in Sources */ = {isa = PBXBuildFile; fileRef = 20FCE45924AFED3700D2C270 /* ProjectsStore.swift */; };
		20FCE45C24AFEFE600D2C270 /* ProjectsFooterView.swift in Sources */ = {isa = PBXBuildFile; fileRef = 20FCE45B24AFEFE600D2C270 /* ProjectsFooterView.swift */; };
		20FCE46024B0CFA700D2C270 /* RequirementsListCellView.swift in Sources */ = {isa = PBXBuildFile; fileRef = 20FCE45F24B0CFA700D2C270 /* RequirementsListCellView.swift */; };
		20FCE46224B0D6B400D2C270 /* Requirement.swift in Sources */ = {isa = PBXBuildFile; fileRef = 20FCE46124B0D6B400D2C270 /* Requirement.swift */; };
		20FCE46424B1408800D2C270 /* RequirementsListView.swift in Sources */ = {isa = PBXBuildFile; fileRef = 20FCE46324B1408800D2C270 /* RequirementsListView.swift */; };
		2FE507B7D6B263A6EC05DD05 /* Pods_Freelance_AppTests.framework in Frameworks */ = {isa = PBXBuildFile; fileRef = 1D5E6780A3186D2B5AE91A97 /* Pods_Freelance_AppTests.framework */; };
		8BBCCDDFBB8DD1C280C8FA1D /* Pods_Freelance_App.framework in Frameworks */ = {isa = PBXBuildFile; fileRef = 1242585E9DF028D98147BB74 /* Pods_Freelance_App.framework */; };
		A709F72E141FA3A6F27704F2 /* Pods_Freelance_App_Freelance_AppUITests.framework in Frameworks */ = {isa = PBXBuildFile; fileRef = F37E13FF2412214E17143D69 /* Pods_Freelance_App_Freelance_AppUITests.framework */; };
/* End PBXBuildFile section */

/* Begin PBXContainerItemProxy section */
		20B7C7B524AFC5AF0098BBF6 /* PBXContainerItemProxy */ = {
			isa = PBXContainerItemProxy;
			containerPortal = 20B7C79324AFC5AA0098BBF6 /* Project object */;
			proxyType = 1;
			remoteGlobalIDString = 20B7C79A24AFC5AA0098BBF6;
			remoteInfo = "Freelance App";
		};
		20B7C7C024AFC5AF0098BBF6 /* PBXContainerItemProxy */ = {
			isa = PBXContainerItemProxy;
			containerPortal = 20B7C79324AFC5AA0098BBF6 /* Project object */;
			proxyType = 1;
			remoteGlobalIDString = 20B7C79A24AFC5AA0098BBF6;
			remoteInfo = "Freelance App";
		};
/* End PBXContainerItemProxy section */

/* Begin PBXFileReference section */
		1242585E9DF028D98147BB74 /* Pods_Freelance_App.framework */ = {isa = PBXFileReference; explicitFileType = wrapper.framework; includeInIndex = 0; path = Pods_Freelance_App.framework; sourceTree = BUILT_PRODUCTS_DIR; };
		13DE3E101A4E9587C1F9FAE4 /* Pods-Freelance App-Freelance AppUITests.release.xcconfig */ = {isa = PBXFileReference; includeInIndex = 1; lastKnownFileType = text.xcconfig; name = "Pods-Freelance App-Freelance AppUITests.release.xcconfig"; path = "Target Support Files/Pods-Freelance App-Freelance AppUITests/Pods-Freelance App-Freelance AppUITests.release.xcconfig"; sourceTree = "<group>"; };
		1D5E6780A3186D2B5AE91A97 /* Pods_Freelance_AppTests.framework */ = {isa = PBXFileReference; explicitFileType = wrapper.framework; includeInIndex = 0; path = Pods_Freelance_AppTests.framework; sourceTree = BUILT_PRODUCTS_DIR; };
		207F4FB724B757920044E1B7 /* RequirementDetailViewModel.swift */ = {isa = PBXFileReference; lastKnownFileType = sourcecode.swift; path = RequirementDetailViewModel.swift; sourceTree = "<group>"; };
		207F4FB924B758220044E1B7 /* RequirementDetailView.swift */ = {isa = PBXFileReference; lastKnownFileType = sourcecode.swift; path = RequirementDetailView.swift; sourceTree = "<group>"; };
		207F4FBC24B7DA370044E1B7 /* DismissKeyboardHelper.swift */ = {isa = PBXFileReference; lastKnownFileType = sourcecode.swift; path = DismissKeyboardHelper.swift; sourceTree = "<group>"; };
		207F4FC224BB6F6F0044E1B7 /* NavigationListView.swift */ = {isa = PBXFileReference; lastKnownFileType = sourcecode.swift; path = NavigationListView.swift; sourceTree = "<group>"; };
		207F4FC424BB6FD50044E1B7 /* ProjectDetailView.swift */ = {isa = PBXFileReference; lastKnownFileType = sourcecode.swift; path = ProjectDetailView.swift; sourceTree = "<group>"; };
		207F4FC724BB73760044E1B7 /* RequirementDetailTitleBarView.swift */ = {isa = PBXFileReference; lastKnownFileType = sourcecode.swift; path = RequirementDetailTitleBarView.swift; sourceTree = "<group>"; };
		207F4FC924BB78020044E1B7 /* RequirementSectionView.swift */ = {isa = PBXFileReference; lastKnownFileType = sourcecode.swift; path = RequirementSectionView.swift; sourceTree = "<group>"; };
		207F4FD324BB81060044E1B7 /* AssigneeEditView.swift */ = {isa = PBXFileReference; lastKnownFileType = sourcecode.swift; path = AssigneeEditView.swift; sourceTree = "<group>"; };
		207F4FD624BD00B70044E1B7 /* LoginView.swift */ = {isa = PBXFileReference; lastKnownFileType = sourcecode.swift; path = LoginView.swift; sourceTree = "<group>"; };
		207F4FD824BD026B0044E1B7 /* SessionStore.swift */ = {isa = PBXFileReference; lastKnownFileType = sourcecode.swift; path = SessionStore.swift; sourceTree = "<group>"; };
		207F4FDA24BD02ED0044E1B7 /* User.swift */ = {isa = PBXFileReference; lastKnownFileType = sourcecode.swift; path = User.swift; sourceTree = "<group>"; };
		207F4FDC24BD0EC90044E1B7 /* LoginViewModel.swift */ = {isa = PBXFileReference; lastKnownFileType = sourcecode.swift; path = LoginViewModel.swift; sourceTree = "<group>"; };
		207F4FDE24BD35FE0044E1B7 /* ProjectMemberListViewModel.swift */ = {isa = PBXFileReference; lastKnownFileType = sourcecode.swift; path = ProjectMemberListViewModel.swift; sourceTree = "<group>"; };
		207F4FE024BD39830044E1B7 /* ProjectMembersStore.swift */ = {isa = PBXFileReference; lastKnownFileType = sourcecode.swift; path = ProjectMembersStore.swift; sourceTree = "<group>"; };
		207F4FE724BD3E7E0044E1B7 /* ProjectMemberCellViewModel.swift */ = {isa = PBXFileReference; lastKnownFileType = sourcecode.swift; path = ProjectMemberCellViewModel.swift; sourceTree = "<group>"; };
		207F4FEA24BD3FF90044E1B7 /* AssigneeListView.swift */ = {isa = PBXFileReference; lastKnownFileType = sourcecode.swift; path = AssigneeListView.swift; sourceTree = "<group>"; };
		207F4FEC24BD407A0044E1B7 /* AssigneeCellView.swift */ = {isa = PBXFileReference; lastKnownFileType = sourcecode.swift; path = AssigneeCellView.swift; sourceTree = "<group>"; };
		207F4FEE24BD41CC0044E1B7 /* WorkInProgressView.swift */ = {isa = PBXFileReference; lastKnownFileType = sourcecode.swift; path = WorkInProgressView.swift; sourceTree = "<group>"; };
		207F4FF024BD51CA0044E1B7 /* RequirementSimpleSectionView.swift */ = {isa = PBXFileReference; lastKnownFileType = sourcecode.swift; path = RequirementSimpleSectionView.swift; sourceTree = "<group>"; };
		207F4FF324BE980D0044E1B7 /* CoreConstants.swift */ = {isa = PBXFileReference; lastKnownFileType = sourcecode.swift; path = CoreConstants.swift; sourceTree = "<group>"; };
		207F4FF524BE9E4D0044E1B7 /* UserConstants.swift */ = {isa = PBXFileReference; lastKnownFileType = sourcecode.swift; path = UserConstants.swift; sourceTree = "<group>"; };
		207F4FF824BEA24E0044E1B7 /* StatusEditView.swift */ = {isa = PBXFileReference; lastKnownFileType = sourcecode.swift; path = StatusEditView.swift; sourceTree = "<group>"; };
		207F4FFA24BEA2A30044E1B7 /* RequirementStatusConstants.swift */ = {isa = PBXFileReference; lastKnownFileType = sourcecode.swift; path = RequirementStatusConstants.swift; sourceTree = "<group>"; };
		207F500224BFC3C50044E1B7 /* PickListView.swift */ = {isa = PBXFileReference; lastKnownFileType = sourcecode.swift; path = PickListView.swift; sourceTree = "<group>"; };
		207F500424BFC3D40044E1B7 /* PickListOptionView.swift */ = {isa = PBXFileReference; lastKnownFileType = sourcecode.swift; path = PickListOptionView.swift; sourceTree = "<group>"; };
		207F500624BFC4560044E1B7 /* PickListItem.swift */ = {isa = PBXFileReference; lastKnownFileType = sourcecode.swift; path = PickListItem.swift; sourceTree = "<group>"; };
		208A9E1B24C33B4C000D07BD /* FeaturesEditView.swift */ = {isa = PBXFileReference; lastKnownFileType = sourcecode.swift; path = FeaturesEditView.swift; sourceTree = "<group>"; };
		208A9E1D24C33BB6000D07BD /* EditSectionHeaderView.swift */ = {isa = PBXFileReference; lastKnownFileType = sourcecode.swift; path = EditSectionHeaderView.swift; sourceTree = "<group>"; };
		208A9E1F24C33E01000D07BD /* FeaturesEditListView.swift */ = {isa = PBXFileReference; lastKnownFileType = sourcecode.swift; path = FeaturesEditListView.swift; sourceTree = "<group>"; };
		208A9E2124C33E1C000D07BD /* FeaturesEditListItemView.swift */ = {isa = PBXFileReference; lastKnownFileType = sourcecode.swift; path = FeaturesEditListItemView.swift; sourceTree = "<group>"; };
		2093C37924B52D63001C6C5F /* ProjectListViewModel.swift */ = {isa = PBXFileReference; lastKnownFileType = sourcecode.swift; path = ProjectListViewModel.swift; sourceTree = "<group>"; };
		2093C37B24B52EDD001C6C5F /* ProjectCellViewModel.swift */ = {isa = PBXFileReference; lastKnownFileType = sourcecode.swift; path = ProjectCellViewModel.swift; sourceTree = "<group>"; };
		2093C37D24B5398B001C6C5F /* ProjectListView.swift */ = {isa = PBXFileReference; lastKnownFileType = sourcecode.swift; path = ProjectListView.swift; sourceTree = "<group>"; };
		2093C37F24B56745001C6C5F /* ProjectListCellView.swift */ = {isa = PBXFileReference; lastKnownFileType = sourcecode.swift; path = ProjectListCellView.swift; sourceTree = "<group>"; };
		2093C38324B5735E001C6C5F /* RequirementsStore.swift */ = {isa = PBXFileReference; lastKnownFileType = sourcecode.swift; path = RequirementsStore.swift; sourceTree = "<group>"; };
		2093C38524B687A7001C6C5F /* GoogleService-Info.plist */ = {isa = PBXFileReference; fileEncoding = 4; lastKnownFileType = text.plist.xml; path = "GoogleService-Info.plist"; sourceTree = "<group>"; };
		2093C38724B6C189001C6C5F /* RequirementListViewModel.swift */ = {isa = PBXFileReference; lastKnownFileType = sourcecode.swift; path = RequirementListViewModel.swift; sourceTree = "<group>"; };
		2093C38B24B6C1C4001C6C5F /* RequirementCellViewModel.swift */ = {isa = PBXFileReference; lastKnownFileType = sourcecode.swift; path = RequirementCellViewModel.swift; sourceTree = "<group>"; };
		2093C38D24B6C535001C6C5F /* ProjectViewModel.swift */ = {isa = PBXFileReference; lastKnownFileType = sourcecode.swift; path = ProjectViewModel.swift; sourceTree = "<group>"; };
		20B7C79B24AFC5AB0098BBF6 /* Freelance App.app */ = {isa = PBXFileReference; explicitFileType = wrapper.application; includeInIndex = 0; path = "Freelance App.app"; sourceTree = BUILT_PRODUCTS_DIR; };
		20B7C79E24AFC5AB0098BBF6 /* AppDelegate.swift */ = {isa = PBXFileReference; lastKnownFileType = sourcecode.swift; path = AppDelegate.swift; sourceTree = "<group>"; };
		20B7C7A024AFC5AB0098BBF6 /* SceneDelegate.swift */ = {isa = PBXFileReference; lastKnownFileType = sourcecode.swift; path = SceneDelegate.swift; sourceTree = "<group>"; };
		20B7C7A324AFC5AB0098BBF6 /* Freelance_App.xcdatamodel */ = {isa = PBXFileReference; lastKnownFileType = wrapper.xcdatamodel; path = Freelance_App.xcdatamodel; sourceTree = "<group>"; };
		20B7C7A524AFC5AB0098BBF6 /* ContentView.swift */ = {isa = PBXFileReference; lastKnownFileType = sourcecode.swift; path = ContentView.swift; sourceTree = "<group>"; };
		20B7C7A724AFC5AE0098BBF6 /* Assets.xcassets */ = {isa = PBXFileReference; lastKnownFileType = folder.assetcatalog; path = Assets.xcassets; sourceTree = "<group>"; };
		20B7C7AA24AFC5AE0098BBF6 /* Preview Assets.xcassets */ = {isa = PBXFileReference; lastKnownFileType = folder.assetcatalog; path = "Preview Assets.xcassets"; sourceTree = "<group>"; };
		20B7C7AD24AFC5AE0098BBF6 /* Base */ = {isa = PBXFileReference; lastKnownFileType = file.storyboard; name = Base; path = Base.lproj/LaunchScreen.storyboard; sourceTree = "<group>"; };
		20B7C7AF24AFC5AE0098BBF6 /* Info.plist */ = {isa = PBXFileReference; lastKnownFileType = text.plist.xml; path = Info.plist; sourceTree = "<group>"; };
		20B7C7B424AFC5AF0098BBF6 /* Freelance AppTests.xctest */ = {isa = PBXFileReference; explicitFileType = wrapper.cfbundle; includeInIndex = 0; path = "Freelance AppTests.xctest"; sourceTree = BUILT_PRODUCTS_DIR; };
		20B7C7B824AFC5AF0098BBF6 /* Freelance_AppTests.swift */ = {isa = PBXFileReference; lastKnownFileType = sourcecode.swift; path = Freelance_AppTests.swift; sourceTree = "<group>"; };
		20B7C7BA24AFC5AF0098BBF6 /* Info.plist */ = {isa = PBXFileReference; lastKnownFileType = text.plist.xml; path = Info.plist; sourceTree = "<group>"; };
		20B7C7BF24AFC5AF0098BBF6 /* Freelance AppUITests.xctest */ = {isa = PBXFileReference; explicitFileType = wrapper.cfbundle; includeInIndex = 0; path = "Freelance AppUITests.xctest"; sourceTree = BUILT_PRODUCTS_DIR; };
		20B7C7C324AFC5AF0098BBF6 /* Freelance_AppUITests.swift */ = {isa = PBXFileReference; lastKnownFileType = sourcecode.swift; path = Freelance_AppUITests.swift; sourceTree = "<group>"; };
		20B7C7C524AFC5AF0098BBF6 /* Info.plist */ = {isa = PBXFileReference; lastKnownFileType = text.plist.xml; path = Info.plist; sourceTree = "<group>"; };
		20B7C7D124AFC6240098BBF6 /* ProjectsView.swift */ = {isa = PBXFileReference; lastKnownFileType = sourcecode.swift; path = ProjectsView.swift; sourceTree = "<group>"; };
		20B7C7D324AFC86C0098BBF6 /* SearchBarView.swift */ = {isa = PBXFileReference; lastKnownFileType = sourcecode.swift; path = SearchBarView.swift; sourceTree = "<group>"; };
		20B7C7DB24AFD1330098BBF6 /* Project.swift */ = {isa = PBXFileReference; lastKnownFileType = sourcecode.swift; path = Project.swift; sourceTree = "<group>"; };
		20EDFF9624C1FF2700A56DCC /* FeaturesView.swift */ = {isa = PBXFileReference; lastKnownFileType = sourcecode.swift; path = FeaturesView.swift; sourceTree = "<group>"; };
		20EDFF9824C201D500A56DCC /* FeaturesListView.swift */ = {isa = PBXFileReference; lastKnownFileType = sourcecode.swift; path = FeaturesListView.swift; sourceTree = "<group>"; };
		20EDFF9A24C204E700A56DCC /* FeaturesListItemView.swift */ = {isa = PBXFileReference; lastKnownFileType = sourcecode.swift; path = FeaturesListItemView.swift; sourceTree = "<group>"; };
		20FCE44F24AFDC0A00D2C270 /* OverviewView.swift */ = {isa = PBXFileReference; lastKnownFileType = sourcecode.swift; path = OverviewView.swift; sourceTree = "<group>"; };
		20FCE45124AFDCF100D2C270 /* CreateProjectView.swift */ = {isa = PBXFileReference; lastKnownFileType = sourcecode.swift; path = CreateProjectView.swift; sourceTree = "<group>"; };
		20FCE45624AFE23700D2C270 /* RequirementsView.swift */ = {isa = PBXFileReference; lastKnownFileType = sourcecode.swift; path = RequirementsView.swift; sourceTree = "<group>"; };
		20FCE45924AFED3700D2C270 /* ProjectsStore.swift */ = {isa = PBXFileReference; lastKnownFileType = sourcecode.swift; path = ProjectsStore.swift; sourceTree = "<group>"; };
		20FCE45B24AFEFE600D2C270 /* ProjectsFooterView.swift */ = {isa = PBXFileReference; lastKnownFileType = sourcecode.swift; path = ProjectsFooterView.swift; sourceTree = "<group>"; };
		20FCE45F24B0CFA700D2C270 /* RequirementsListCellView.swift */ = {isa = PBXFileReference; lastKnownFileType = sourcecode.swift; path = RequirementsListCellView.swift; sourceTree = "<group>"; };
		20FCE46124B0D6B400D2C270 /* Requirement.swift */ = {isa = PBXFileReference; lastKnownFileType = sourcecode.swift; path = Requirement.swift; sourceTree = "<group>"; };
		20FCE46324B1408800D2C270 /* RequirementsListView.swift */ = {isa = PBXFileReference; lastKnownFileType = sourcecode.swift; path = RequirementsListView.swift; sourceTree = "<group>"; };
		32EDDC4B6DE554EE22A47E53 /* Pods-Freelance App.release.xcconfig */ = {isa = PBXFileReference; includeInIndex = 1; lastKnownFileType = text.xcconfig; name = "Pods-Freelance App.release.xcconfig"; path = "Target Support Files/Pods-Freelance App/Pods-Freelance App.release.xcconfig"; sourceTree = "<group>"; };
		7048593411DF8ED6765AEB09 /* Pods-Freelance AppTests.release.xcconfig */ = {isa = PBXFileReference; includeInIndex = 1; lastKnownFileType = text.xcconfig; name = "Pods-Freelance AppTests.release.xcconfig"; path = "Target Support Files/Pods-Freelance AppTests/Pods-Freelance AppTests.release.xcconfig"; sourceTree = "<group>"; };
		7C7F446B9E37576DD31C2FD1 /* Pods-Freelance App-Freelance AppUITests.debug.xcconfig */ = {isa = PBXFileReference; includeInIndex = 1; lastKnownFileType = text.xcconfig; name = "Pods-Freelance App-Freelance AppUITests.debug.xcconfig"; path = "Target Support Files/Pods-Freelance App-Freelance AppUITests/Pods-Freelance App-Freelance AppUITests.debug.xcconfig"; sourceTree = "<group>"; };
		C96531F8C40AF02B513189FD /* Pods-Freelance App.debug.xcconfig */ = {isa = PBXFileReference; includeInIndex = 1; lastKnownFileType = text.xcconfig; name = "Pods-Freelance App.debug.xcconfig"; path = "Target Support Files/Pods-Freelance App/Pods-Freelance App.debug.xcconfig"; sourceTree = "<group>"; };
		ECE9626C894FB410345D0D69 /* Pods-Freelance AppTests.debug.xcconfig */ = {isa = PBXFileReference; includeInIndex = 1; lastKnownFileType = text.xcconfig; name = "Pods-Freelance AppTests.debug.xcconfig"; path = "Target Support Files/Pods-Freelance AppTests/Pods-Freelance AppTests.debug.xcconfig"; sourceTree = "<group>"; };
		F37E13FF2412214E17143D69 /* Pods_Freelance_App_Freelance_AppUITests.framework */ = {isa = PBXFileReference; explicitFileType = wrapper.framework; includeInIndex = 0; path = Pods_Freelance_App_Freelance_AppUITests.framework; sourceTree = BUILT_PRODUCTS_DIR; };
/* End PBXFileReference section */

/* Begin PBXFrameworksBuildPhase section */
		20B7C79824AFC5AA0098BBF6 /* Frameworks */ = {
			isa = PBXFrameworksBuildPhase;
			buildActionMask = 2147483647;
			files = (
				8BBCCDDFBB8DD1C280C8FA1D /* Pods_Freelance_App.framework in Frameworks */,
			);
			runOnlyForDeploymentPostprocessing = 0;
		};
		20B7C7B124AFC5AF0098BBF6 /* Frameworks */ = {
			isa = PBXFrameworksBuildPhase;
			buildActionMask = 2147483647;
			files = (
				2FE507B7D6B263A6EC05DD05 /* Pods_Freelance_AppTests.framework in Frameworks */,
			);
			runOnlyForDeploymentPostprocessing = 0;
		};
		20B7C7BC24AFC5AF0098BBF6 /* Frameworks */ = {
			isa = PBXFrameworksBuildPhase;
			buildActionMask = 2147483647;
			files = (
				A709F72E141FA3A6F27704F2 /* Pods_Freelance_App_Freelance_AppUITests.framework in Frameworks */,
			);
			runOnlyForDeploymentPostprocessing = 0;
		};
/* End PBXFrameworksBuildPhase section */

/* Begin PBXGroup section */
		207F4FBB24B7DA180044E1B7 /* Helpers */ = {
			isa = PBXGroup;
			children = (
				207F4FBC24B7DA370044E1B7 /* DismissKeyboardHelper.swift */,
			);
			path = Helpers;
			sourceTree = "<group>";
		};
		207F4FC624BB734E0044E1B7 /* RequirementDetail */ = {
			isa = PBXGroup;
			children = (
				207F500124BFC0650044E1B7 /* Sections */,
				207F4FB924B758220044E1B7 /* RequirementDetailView.swift */,
				207F4FC724BB73760044E1B7 /* RequirementDetailTitleBarView.swift */,
			);
			path = RequirementDetail;
			sourceTree = "<group>";
		};
		207F4FD524BD009B0044E1B7 /* Login */ = {
			isa = PBXGroup;
			children = (
				207F4FD624BD00B70044E1B7 /* LoginView.swift */,
			);
			path = Login;
			sourceTree = "<group>";
		};
		207F4FE224BD3DEA0044E1B7 /* Requirements */ = {
			isa = PBXGroup;
			children = (
				207F4FB724B757920044E1B7 /* RequirementDetailViewModel.swift */,
				2093C38B24B6C1C4001C6C5F /* RequirementCellViewModel.swift */,
				2093C38724B6C189001C6C5F /* RequirementListViewModel.swift */,
			);
			path = Requirements;
			sourceTree = "<group>";
		};
		207F4FE324BD3E090044E1B7 /* Projects */ = {
			isa = PBXGroup;
			children = (
				2093C37B24B52EDD001C6C5F /* ProjectCellViewModel.swift */,
				2093C37924B52D63001C6C5F /* ProjectListViewModel.swift */,
			);
			path = Projects;
			sourceTree = "<group>";
		};
		207F4FE424BD3E1A0044E1B7 /* Overview */ = {
			isa = PBXGroup;
			children = (
				2093C38D24B6C535001C6C5F /* ProjectViewModel.swift */,
			);
			path = Overview;
			sourceTree = "<group>";
		};
		207F4FE524BD3E280044E1B7 /* ProjectMembers */ = {
			isa = PBXGroup;
			children = (
				207F4FDE24BD35FE0044E1B7 /* ProjectMemberListViewModel.swift */,
				207F4FE724BD3E7E0044E1B7 /* ProjectMemberCellViewModel.swift */,
			);
			path = ProjectMembers;
			sourceTree = "<group>";
		};
		207F4FE624BD3E4D0044E1B7 /* Login */ = {
			isa = PBXGroup;
			children = (
				207F4FDC24BD0EC90044E1B7 /* LoginViewModel.swift */,
			);
			path = Login;
			sourceTree = "<group>";
		};
		207F4FE924BD3F950044E1B7 /* Assignee */ = {
			isa = PBXGroup;
			children = (
				207F4FD324BB81060044E1B7 /* AssigneeEditView.swift */,
				207F4FEA24BD3FF90044E1B7 /* AssigneeListView.swift */,
				207F4FEC24BD407A0044E1B7 /* AssigneeCellView.swift */,
			);
			path = Assignee;
			sourceTree = "<group>";
		};
		207F4FF224BE97F90044E1B7 /* Constants */ = {
			isa = PBXGroup;
			children = (
				207F4FFE24BEA2BC0044E1B7 /* Requirements */,
				207F4FFD24BEA2B60044E1B7 /* User */,
				207F4FFC24BEA2A80044E1B7 /* Core */,
			);
			path = Constants;
			sourceTree = "<group>";
		};
		207F4FF724BEA2320044E1B7 /* Status */ = {
			isa = PBXGroup;
			children = (
				207F4FF824BEA24E0044E1B7 /* StatusEditView.swift */,
			);
			path = Status;
			sourceTree = "<group>";
		};
		207F4FFC24BEA2A80044E1B7 /* Core */ = {
			isa = PBXGroup;
			children = (
				207F4FF324BE980D0044E1B7 /* CoreConstants.swift */,
			);
			path = Core;
			sourceTree = "<group>";
		};
		207F4FFD24BEA2B60044E1B7 /* User */ = {
			isa = PBXGroup;
			children = (
				207F4FF524BE9E4D0044E1B7 /* UserConstants.swift */,
			);
			name = User;
			path = ../..;
			sourceTree = "<group>";
		};
		207F4FFE24BEA2BC0044E1B7 /* Requirements */ = {
			isa = PBXGroup;
			children = (
				207F4FFA24BEA2A30044E1B7 /* RequirementStatusConstants.swift */,
			);
			path = Requirements;
			sourceTree = "<group>";
		};
		207F500124BFC0650044E1B7 /* Sections */ = {
			isa = PBXGroup;
			children = (
				20EDFF9524C1FEEB00A56DCC /* Features */,
				207F4FE924BD3F950044E1B7 /* Assignee */,
				207F4FF724BEA2320044E1B7 /* Status */,
				207F4FF024BD51CA0044E1B7 /* RequirementSimpleSectionView.swift */,
				207F4FC924BB78020044E1B7 /* RequirementSectionView.swift */,
				208A9E1D24C33BB6000D07BD /* EditSectionHeaderView.swift */,
			);
			path = Sections;
			sourceTree = "<group>";
		};
		2093C37424B529D4001C6C5F /* ViewModels */ = {
			isa = PBXGroup;
			children = (
				207F4FE524BD3E280044E1B7 /* ProjectMembers */,
				207F4FE624BD3E4D0044E1B7 /* Login */,
				207F4FE424BD3E1A0044E1B7 /* Overview */,
				207F4FE324BD3E090044E1B7 /* Projects */,
				207F4FE224BD3DEA0044E1B7 /* Requirements */,
			);
			path = ViewModels;
			sourceTree = "<group>";
		};
		20B7C79224AFC5AA0098BBF6 = {
			isa = PBXGroup;
			children = (
				20B7C79D24AFC5AB0098BBF6 /* Freelance App */,
				20B7C7B724AFC5AF0098BBF6 /* Freelance AppTests */,
				20B7C7C224AFC5AF0098BBF6 /* Freelance AppUITests */,
				20B7C79C24AFC5AB0098BBF6 /* Products */,
				9E5851567EDEC83C02F66848 /* Pods */,
				C9660127329D1E271256E883 /* Frameworks */,
			);
			sourceTree = "<group>";
		};
		20B7C79C24AFC5AB0098BBF6 /* Products */ = {
			isa = PBXGroup;
			children = (
				20B7C79B24AFC5AB0098BBF6 /* Freelance App.app */,
				20B7C7B424AFC5AF0098BBF6 /* Freelance AppTests.xctest */,
				20B7C7BF24AFC5AF0098BBF6 /* Freelance AppUITests.xctest */,
			);
			name = Products;
			sourceTree = "<group>";
		};
		20B7C79D24AFC5AB0098BBF6 /* Freelance App */ = {
			isa = PBXGroup;
			children = (
				207F4FF224BE97F90044E1B7 /* Constants */,
				207F4FBB24B7DA180044E1B7 /* Helpers */,
				2093C37424B529D4001C6C5F /* ViewModels */,
				20FCE45824AFED1500D2C270 /* Store */,
				20B7C7DA24AFD11E0098BBF6 /* Models */,
				20B7C7D524AFCEA50098BBF6 /* Views */,
				20B7C79E24AFC5AB0098BBF6 /* AppDelegate.swift */,
				20B7C7A024AFC5AB0098BBF6 /* SceneDelegate.swift */,
				20B7C7A724AFC5AE0098BBF6 /* Assets.xcassets */,
				20B7C7AC24AFC5AE0098BBF6 /* LaunchScreen.storyboard */,
				20B7C7AF24AFC5AE0098BBF6 /* Info.plist */,
				2093C38524B687A7001C6C5F /* GoogleService-Info.plist */,
				20B7C7A224AFC5AB0098BBF6 /* Freelance_App.xcdatamodeld */,
				20B7C7A924AFC5AE0098BBF6 /* Preview Content */,
			);
			path = "Freelance App";
			sourceTree = "<group>";
		};
		20B7C7A924AFC5AE0098BBF6 /* Preview Content */ = {
			isa = PBXGroup;
			children = (
				20B7C7AA24AFC5AE0098BBF6 /* Preview Assets.xcassets */,
			);
			path = "Preview Content";
			sourceTree = "<group>";
		};
		20B7C7B724AFC5AF0098BBF6 /* Freelance AppTests */ = {
			isa = PBXGroup;
			children = (
				20B7C7B824AFC5AF0098BBF6 /* Freelance_AppTests.swift */,
				20B7C7BA24AFC5AF0098BBF6 /* Info.plist */,
			);
			path = "Freelance AppTests";
			sourceTree = "<group>";
		};
		20B7C7C224AFC5AF0098BBF6 /* Freelance AppUITests */ = {
			isa = PBXGroup;
			children = (
				20B7C7C324AFC5AF0098BBF6 /* Freelance_AppUITests.swift */,
				20B7C7C524AFC5AF0098BBF6 /* Info.plist */,
			);
			path = "Freelance AppUITests";
			sourceTree = "<group>";
		};
		20B7C7D524AFCEA50098BBF6 /* Views */ = {
			isa = PBXGroup;
			children = (
				20B7C7A524AFC5AB0098BBF6 /* ContentView.swift */,
				207F4FD524BD009B0044E1B7 /* Login */,
				20FCE45524AFE22300D2C270 /* Requirements */,
				20FCE44E24AFDBF100D2C270 /* Overview */,
				20B7C7D724AFCECD0098BBF6 /* Projects */,
				20B7C7D624AFCEC70098BBF6 /* Shared */,
			);
			path = Views;
			sourceTree = "<group>";
		};
		20B7C7D624AFCEC70098BBF6 /* Shared */ = {
			isa = PBXGroup;
			children = (
				20B7C7D324AFC86C0098BBF6 /* SearchBarView.swift */,
				207F4FEE24BD41CC0044E1B7 /* WorkInProgressView.swift */,
				207F500224BFC3C50044E1B7 /* PickListView.swift */,
				207F500424BFC3D40044E1B7 /* PickListOptionView.swift */,
			);
			path = Shared;
			sourceTree = "<group>";
		};
		20B7C7D724AFCECD0098BBF6 /* Projects */ = {
			isa = PBXGroup;
			children = (
				20B7C7D124AFC6240098BBF6 /* ProjectsView.swift */,
				20FCE45124AFDCF100D2C270 /* CreateProjectView.swift */,
				20FCE45B24AFEFE600D2C270 /* ProjectsFooterView.swift */,
				2093C37D24B5398B001C6C5F /* ProjectListView.swift */,
				2093C37F24B56745001C6C5F /* ProjectListCellView.swift */,
			);
			path = Projects;
			sourceTree = "<group>";
		};
		20B7C7DA24AFD11E0098BBF6 /* Models */ = {
			isa = PBXGroup;
			children = (
				20B7C7DB24AFD1330098BBF6 /* Project.swift */,
				20FCE46124B0D6B400D2C270 /* Requirement.swift */,
				207F4FDA24BD02ED0044E1B7 /* User.swift */,
				207F500624BFC4560044E1B7 /* PickListItem.swift */,
			);
			path = Models;
			sourceTree = "<group>";
		};
		20EDFF9524C1FEEB00A56DCC /* Features */ = {
			isa = PBXGroup;
			children = (
				20EDFF9624C1FF2700A56DCC /* FeaturesView.swift */,
				20EDFF9824C201D500A56DCC /* FeaturesListView.swift */,
				20EDFF9A24C204E700A56DCC /* FeaturesListItemView.swift */,
				208A9E1B24C33B4C000D07BD /* FeaturesEditView.swift */,
				208A9E1F24C33E01000D07BD /* FeaturesEditListView.swift */,
				208A9E2124C33E1C000D07BD /* FeaturesEditListItemView.swift */,
			);
			path = Features;
			sourceTree = "<group>";
		};
		20FCE44E24AFDBF100D2C270 /* Overview */ = {
			isa = PBXGroup;
			children = (
				20FCE44F24AFDC0A00D2C270 /* OverviewView.swift */,
				207F4FC224BB6F6F0044E1B7 /* NavigationListView.swift */,
				207F4FC424BB6FD50044E1B7 /* ProjectDetailView.swift */,
			);
			path = Overview;
			sourceTree = "<group>";
		};
		20FCE45524AFE22300D2C270 /* Requirements */ = {
			isa = PBXGroup;
			children = (
				207F4FC624BB734E0044E1B7 /* RequirementDetail */,
				20FCE45624AFE23700D2C270 /* RequirementsView.swift */,
				20FCE46324B1408800D2C270 /* RequirementsListView.swift */,
				20FCE45F24B0CFA700D2C270 /* RequirementsListCellView.swift */,
			);
			path = Requirements;
			sourceTree = "<group>";
		};
		20FCE45824AFED1500D2C270 /* Store */ = {
			isa = PBXGroup;
			children = (
				20FCE45924AFED3700D2C270 /* ProjectsStore.swift */,
				2093C38324B5735E001C6C5F /* RequirementsStore.swift */,
				207F4FD824BD026B0044E1B7 /* SessionStore.swift */,
				207F4FE024BD39830044E1B7 /* ProjectMembersStore.swift */,
			);
			path = Store;
			sourceTree = "<group>";
		};
		9E5851567EDEC83C02F66848 /* Pods */ = {
			isa = PBXGroup;
			children = (
				C96531F8C40AF02B513189FD /* Pods-Freelance App.debug.xcconfig */,
				32EDDC4B6DE554EE22A47E53 /* Pods-Freelance App.release.xcconfig */,
				7C7F446B9E37576DD31C2FD1 /* Pods-Freelance App-Freelance AppUITests.debug.xcconfig */,
				13DE3E101A4E9587C1F9FAE4 /* Pods-Freelance App-Freelance AppUITests.release.xcconfig */,
				ECE9626C894FB410345D0D69 /* Pods-Freelance AppTests.debug.xcconfig */,
				7048593411DF8ED6765AEB09 /* Pods-Freelance AppTests.release.xcconfig */,
			);
			path = Pods;
			sourceTree = "<group>";
		};
		C9660127329D1E271256E883 /* Frameworks */ = {
			isa = PBXGroup;
			children = (
				1242585E9DF028D98147BB74 /* Pods_Freelance_App.framework */,
				F37E13FF2412214E17143D69 /* Pods_Freelance_App_Freelance_AppUITests.framework */,
				1D5E6780A3186D2B5AE91A97 /* Pods_Freelance_AppTests.framework */,
			);
			name = Frameworks;
			sourceTree = "<group>";
		};
/* End PBXGroup section */

/* Begin PBXNativeTarget section */
		20B7C79A24AFC5AA0098BBF6 /* Freelance App */ = {
			isa = PBXNativeTarget;
			buildConfigurationList = 20B7C7C824AFC5AF0098BBF6 /* Build configuration list for PBXNativeTarget "Freelance App" */;
			buildPhases = (
				E2BC3105BEC2F75CFBA18020 /* [CP] Check Pods Manifest.lock */,
				20B7C79724AFC5AA0098BBF6 /* Sources */,
				20B7C79824AFC5AA0098BBF6 /* Frameworks */,
				20B7C79924AFC5AA0098BBF6 /* Resources */,
				E0FB81FC5E2CE490893AD5E4 /* [CP] Embed Pods Frameworks */,
			);
			buildRules = (
			);
			dependencies = (
			);
			name = "Freelance App";
			productName = "Freelance App";
			productReference = 20B7C79B24AFC5AB0098BBF6 /* Freelance App.app */;
			productType = "com.apple.product-type.application";
		};
		20B7C7B324AFC5AF0098BBF6 /* Freelance AppTests */ = {
			isa = PBXNativeTarget;
			buildConfigurationList = 20B7C7CB24AFC5AF0098BBF6 /* Build configuration list for PBXNativeTarget "Freelance AppTests" */;
			buildPhases = (
				C9B1E19190A98FC54093D496 /* [CP] Check Pods Manifest.lock */,
				20B7C7B024AFC5AF0098BBF6 /* Sources */,
				20B7C7B124AFC5AF0098BBF6 /* Frameworks */,
				20B7C7B224AFC5AF0098BBF6 /* Resources */,
			);
			buildRules = (
			);
			dependencies = (
				20B7C7B624AFC5AF0098BBF6 /* PBXTargetDependency */,
			);
			name = "Freelance AppTests";
			productName = "Freelance AppTests";
			productReference = 20B7C7B424AFC5AF0098BBF6 /* Freelance AppTests.xctest */;
			productType = "com.apple.product-type.bundle.unit-test";
		};
		20B7C7BE24AFC5AF0098BBF6 /* Freelance AppUITests */ = {
			isa = PBXNativeTarget;
			buildConfigurationList = 20B7C7CE24AFC5AF0098BBF6 /* Build configuration list for PBXNativeTarget "Freelance AppUITests" */;
			buildPhases = (
				CE173E28645BB55AA844E777 /* [CP] Check Pods Manifest.lock */,
				20B7C7BB24AFC5AF0098BBF6 /* Sources */,
				20B7C7BC24AFC5AF0098BBF6 /* Frameworks */,
				20B7C7BD24AFC5AF0098BBF6 /* Resources */,
				E65DDCDFFC21FF4F0C927735 /* [CP] Embed Pods Frameworks */,
			);
			buildRules = (
			);
			dependencies = (
				20B7C7C124AFC5AF0098BBF6 /* PBXTargetDependency */,
			);
			name = "Freelance AppUITests";
			productName = "Freelance AppUITests";
			productReference = 20B7C7BF24AFC5AF0098BBF6 /* Freelance AppUITests.xctest */;
			productType = "com.apple.product-type.bundle.ui-testing";
		};
/* End PBXNativeTarget section */

/* Begin PBXProject section */
		20B7C79324AFC5AA0098BBF6 /* Project object */ = {
			isa = PBXProject;
			attributes = {
				LastSwiftUpdateCheck = 1140;
				LastUpgradeCheck = 1140;
				ORGANIZATIONNAME = EvanRichard;
				TargetAttributes = {
					20B7C79A24AFC5AA0098BBF6 = {
						CreatedOnToolsVersion = 11.4.1;
					};
					20B7C7B324AFC5AF0098BBF6 = {
						CreatedOnToolsVersion = 11.4.1;
						TestTargetID = 20B7C79A24AFC5AA0098BBF6;
					};
					20B7C7BE24AFC5AF0098BBF6 = {
						CreatedOnToolsVersion = 11.4.1;
						TestTargetID = 20B7C79A24AFC5AA0098BBF6;
					};
				};
			};
			buildConfigurationList = 20B7C79624AFC5AA0098BBF6 /* Build configuration list for PBXProject "Freelance App" */;
			compatibilityVersion = "Xcode 9.3";
			developmentRegion = en;
			hasScannedForEncodings = 0;
			knownRegions = (
				en,
				Base,
			);
			mainGroup = 20B7C79224AFC5AA0098BBF6;
			productRefGroup = 20B7C79C24AFC5AB0098BBF6 /* Products */;
			projectDirPath = "";
			projectRoot = "";
			targets = (
				20B7C79A24AFC5AA0098BBF6 /* Freelance App */,
				20B7C7B324AFC5AF0098BBF6 /* Freelance AppTests */,
				20B7C7BE24AFC5AF0098BBF6 /* Freelance AppUITests */,
			);
		};
/* End PBXProject section */

/* Begin PBXResourcesBuildPhase section */
		20B7C79924AFC5AA0098BBF6 /* Resources */ = {
			isa = PBXResourcesBuildPhase;
			buildActionMask = 2147483647;
			files = (
				20B7C7AE24AFC5AE0098BBF6 /* LaunchScreen.storyboard in Resources */,
				20B7C7AB24AFC5AE0098BBF6 /* Preview Assets.xcassets in Resources */,
				2093C38624B687A7001C6C5F /* GoogleService-Info.plist in Resources */,
				20B7C7A824AFC5AE0098BBF6 /* Assets.xcassets in Resources */,
			);
			runOnlyForDeploymentPostprocessing = 0;
		};
		20B7C7B224AFC5AF0098BBF6 /* Resources */ = {
			isa = PBXResourcesBuildPhase;
			buildActionMask = 2147483647;
			files = (
			);
			runOnlyForDeploymentPostprocessing = 0;
		};
		20B7C7BD24AFC5AF0098BBF6 /* Resources */ = {
			isa = PBXResourcesBuildPhase;
			buildActionMask = 2147483647;
			files = (
			);
			runOnlyForDeploymentPostprocessing = 0;
		};
/* End PBXResourcesBuildPhase section */

/* Begin PBXShellScriptBuildPhase section */
		C9B1E19190A98FC54093D496 /* [CP] Check Pods Manifest.lock */ = {
			isa = PBXShellScriptBuildPhase;
			buildActionMask = 2147483647;
			files = (
			);
			inputFileListPaths = (
			);
			inputPaths = (
				"${PODS_PODFILE_DIR_PATH}/Podfile.lock",
				"${PODS_ROOT}/Manifest.lock",
			);
			name = "[CP] Check Pods Manifest.lock";
			outputFileListPaths = (
			);
			outputPaths = (
				"$(DERIVED_FILE_DIR)/Pods-Freelance AppTests-checkManifestLockResult.txt",
			);
			runOnlyForDeploymentPostprocessing = 0;
			shellPath = /bin/sh;
			shellScript = "diff \"${PODS_PODFILE_DIR_PATH}/Podfile.lock\" \"${PODS_ROOT}/Manifest.lock\" > /dev/null\nif [ $? != 0 ] ; then\n    # print error to STDERR\n    echo \"error: The sandbox is not in sync with the Podfile.lock. Run 'pod install' or update your CocoaPods installation.\" >&2\n    exit 1\nfi\n# This output is used by Xcode 'outputs' to avoid re-running this script phase.\necho \"SUCCESS\" > \"${SCRIPT_OUTPUT_FILE_0}\"\n";
			showEnvVarsInLog = 0;
		};
		CE173E28645BB55AA844E777 /* [CP] Check Pods Manifest.lock */ = {
			isa = PBXShellScriptBuildPhase;
			buildActionMask = 2147483647;
			files = (
			);
			inputFileListPaths = (
			);
			inputPaths = (
				"${PODS_PODFILE_DIR_PATH}/Podfile.lock",
				"${PODS_ROOT}/Manifest.lock",
			);
			name = "[CP] Check Pods Manifest.lock";
			outputFileListPaths = (
			);
			outputPaths = (
				"$(DERIVED_FILE_DIR)/Pods-Freelance App-Freelance AppUITests-checkManifestLockResult.txt",
			);
			runOnlyForDeploymentPostprocessing = 0;
			shellPath = /bin/sh;
			shellScript = "diff \"${PODS_PODFILE_DIR_PATH}/Podfile.lock\" \"${PODS_ROOT}/Manifest.lock\" > /dev/null\nif [ $? != 0 ] ; then\n    # print error to STDERR\n    echo \"error: The sandbox is not in sync with the Podfile.lock. Run 'pod install' or update your CocoaPods installation.\" >&2\n    exit 1\nfi\n# This output is used by Xcode 'outputs' to avoid re-running this script phase.\necho \"SUCCESS\" > \"${SCRIPT_OUTPUT_FILE_0}\"\n";
			showEnvVarsInLog = 0;
		};
		E0FB81FC5E2CE490893AD5E4 /* [CP] Embed Pods Frameworks */ = {
			isa = PBXShellScriptBuildPhase;
			buildActionMask = 2147483647;
			files = (
			);
			inputFileListPaths = (
				"${PODS_ROOT}/Target Support Files/Pods-Freelance App/Pods-Freelance App-frameworks-${CONFIGURATION}-input-files.xcfilelist",
			);
			name = "[CP] Embed Pods Frameworks";
			outputFileListPaths = (
				"${PODS_ROOT}/Target Support Files/Pods-Freelance App/Pods-Freelance App-frameworks-${CONFIGURATION}-output-files.xcfilelist",
			);
			runOnlyForDeploymentPostprocessing = 0;
			shellPath = /bin/sh;
			shellScript = "\"${PODS_ROOT}/Target Support Files/Pods-Freelance App/Pods-Freelance App-frameworks.sh\"\n";
			showEnvVarsInLog = 0;
		};
		E2BC3105BEC2F75CFBA18020 /* [CP] Check Pods Manifest.lock */ = {
			isa = PBXShellScriptBuildPhase;
			buildActionMask = 2147483647;
			files = (
			);
			inputFileListPaths = (
			);
			inputPaths = (
				"${PODS_PODFILE_DIR_PATH}/Podfile.lock",
				"${PODS_ROOT}/Manifest.lock",
			);
			name = "[CP] Check Pods Manifest.lock";
			outputFileListPaths = (
			);
			outputPaths = (
				"$(DERIVED_FILE_DIR)/Pods-Freelance App-checkManifestLockResult.txt",
			);
			runOnlyForDeploymentPostprocessing = 0;
			shellPath = /bin/sh;
			shellScript = "diff \"${PODS_PODFILE_DIR_PATH}/Podfile.lock\" \"${PODS_ROOT}/Manifest.lock\" > /dev/null\nif [ $? != 0 ] ; then\n    # print error to STDERR\n    echo \"error: The sandbox is not in sync with the Podfile.lock. Run 'pod install' or update your CocoaPods installation.\" >&2\n    exit 1\nfi\n# This output is used by Xcode 'outputs' to avoid re-running this script phase.\necho \"SUCCESS\" > \"${SCRIPT_OUTPUT_FILE_0}\"\n";
			showEnvVarsInLog = 0;
		};
		E65DDCDFFC21FF4F0C927735 /* [CP] Embed Pods Frameworks */ = {
			isa = PBXShellScriptBuildPhase;
			buildActionMask = 2147483647;
			files = (
			);
			inputFileListPaths = (
				"${PODS_ROOT}/Target Support Files/Pods-Freelance App-Freelance AppUITests/Pods-Freelance App-Freelance AppUITests-frameworks-${CONFIGURATION}-input-files.xcfilelist",
			);
			name = "[CP] Embed Pods Frameworks";
			outputFileListPaths = (
				"${PODS_ROOT}/Target Support Files/Pods-Freelance App-Freelance AppUITests/Pods-Freelance App-Freelance AppUITests-frameworks-${CONFIGURATION}-output-files.xcfilelist",
			);
			runOnlyForDeploymentPostprocessing = 0;
			shellPath = /bin/sh;
			shellScript = "\"${PODS_ROOT}/Target Support Files/Pods-Freelance App-Freelance AppUITests/Pods-Freelance App-Freelance AppUITests-frameworks.sh\"\n";
			showEnvVarsInLog = 0;
		};
/* End PBXShellScriptBuildPhase section */

/* Begin PBXSourcesBuildPhase section */
		20B7C79724AFC5AA0098BBF6 /* Sources */ = {
			isa = PBXSourcesBuildPhase;
			buildActionMask = 2147483647;
			files = (
				2093C37E24B5398B001C6C5F /* ProjectListView.swift in Sources */,
				20B7C7D224AFC6240098BBF6 /* ProjectsView.swift in Sources */,
				20FCE46424B1408800D2C270 /* RequirementsListView.swift in Sources */,
				207F4FF124BD51CA0044E1B7 /* RequirementSimpleSectionView.swift in Sources */,
				2093C38424B5735E001C6C5F /* RequirementsStore.swift in Sources */,
				20FCE46224B0D6B400D2C270 /* Requirement.swift in Sources */,
				20B7C79F24AFC5AB0098BBF6 /* AppDelegate.swift in Sources */,
				207F4FB824B757920044E1B7 /* RequirementDetailViewModel.swift in Sources */,
				207F4FDD24BD0EC90044E1B7 /* LoginViewModel.swift in Sources */,
				207F4FE824BD3E7E0044E1B7 /* ProjectMemberCellViewModel.swift in Sources */,
				20B7C7A124AFC5AB0098BBF6 /* SceneDelegate.swift in Sources */,
				208A9E1E24C33BB6000D07BD /* EditSectionHeaderView.swift in Sources */,
				207F500524BFC3D40044E1B7 /* PickListOptionView.swift in Sources */,
				20B7C7A624AFC5AB0098BBF6 /* ContentView.swift in Sources */,
				207F500724BFC4560044E1B7 /* PickListItem.swift in Sources */,
				207F500324BFC3C50044E1B7 /* PickListView.swift in Sources */,
				207F4FED24BD407A0044E1B7 /* AssigneeCellView.swift in Sources */,
				208A9E2224C33E1C000D07BD /* FeaturesEditListItemView.swift in Sources */,
				207F4FEB24BD3FF90044E1B7 /* AssigneeListView.swift in Sources */,
				207F4FCA24BB78020044E1B7 /* RequirementSectionView.swift in Sources */,
				207F4FC324BB6F6F0044E1B7 /* NavigationListView.swift in Sources */,
				207F4FF424BE980D0044E1B7 /* CoreConstants.swift in Sources */,
				207F4FBD24B7DA370044E1B7 /* DismissKeyboardHelper.swift in Sources */,
				208A9E2024C33E01000D07BD /* FeaturesEditListView.swift in Sources */,
				207F4FDB24BD02ED0044E1B7 /* User.swift in Sources */,
				207F4FE124BD39830044E1B7 /* ProjectMembersStore.swift in Sources */,
				2093C38024B56745001C6C5F /* ProjectListCellView.swift in Sources */,
				2093C37C24B52EDD001C6C5F /* ProjectCellViewModel.swift in Sources */,
				208A9E1C24C33B4C000D07BD /* FeaturesEditView.swift in Sources */,
				20B7C7A424AFC5AB0098BBF6 /* Freelance_App.xcdatamodeld in Sources */,
				20EDFF9B24C204E700A56DCC /* FeaturesListItemView.swift in Sources */,
				207F4FEF24BD41CC0044E1B7 /* WorkInProgressView.swift in Sources */,
				20FCE45A24AFED3700D2C270 /* ProjectsStore.swift in Sources */,
				207F4FBA24B758220044E1B7 /* RequirementDetailView.swift in Sources */,
				207F4FFB24BEA2A30044E1B7 /* RequirementStatusConstants.swift in Sources */,
				2093C38C24B6C1C4001C6C5F /* RequirementCellViewModel.swift in Sources */,
				207F4FF924BEA24E0044E1B7 /* StatusEditView.swift in Sources */,
				20FCE45024AFDC0A00D2C270 /* OverviewView.swift in Sources */,
				207F4FD724BD00B70044E1B7 /* LoginView.swift in Sources */,
				207F4FC824BB73760044E1B7 /* RequirementDetailTitleBarView.swift in Sources */,
				20FCE45224AFDCF100D2C270 /* CreateProjectView.swift in Sources */,
				2093C38824B6C189001C6C5F /* RequirementListViewModel.swift in Sources */,
				20EDFF9924C201D500A56DCC /* FeaturesListView.swift in Sources */,
				2093C38E24B6C535001C6C5F /* ProjectViewModel.swift in Sources */,
				20B7C7D424AFC86C0098BBF6 /* SearchBarView.swift in Sources */,
				20FCE45C24AFEFE600D2C270 /* ProjectsFooterView.swift in Sources */,
				20EDFF9724C1FF2700A56DCC /* FeaturesView.swift in Sources */,
				20B7C7DC24AFD1330098BBF6 /* Project.swift in Sources */,
				20FCE45724AFE23700D2C270 /* RequirementsView.swift in Sources */,
				20FCE46024B0CFA700D2C270 /* RequirementsListCellView.swift in Sources */,
				207F4FF624BE9E4D0044E1B7 /* UserConstants.swift in Sources */,
				207F4FD924BD026B0044E1B7 /* SessionStore.swift in Sources */,
				207F4FDF24BD35FE0044E1B7 /* ProjectMemberListViewModel.swift in Sources */,
				2093C37A24B52D63001C6C5F /* ProjectListViewModel.swift in Sources */,
				207F4FD424BB81060044E1B7 /* AssigneeEditView.swift in Sources */,
				207F4FC524BB6FD50044E1B7 /* ProjectDetailView.swift in Sources */,
			);
			runOnlyForDeploymentPostprocessing = 0;
		};
		20B7C7B024AFC5AF0098BBF6 /* Sources */ = {
			isa = PBXSourcesBuildPhase;
			buildActionMask = 2147483647;
			files = (
				20B7C7B924AFC5AF0098BBF6 /* Freelance_AppTests.swift in Sources */,
			);
			runOnlyForDeploymentPostprocessing = 0;
		};
		20B7C7BB24AFC5AF0098BBF6 /* Sources */ = {
			isa = PBXSourcesBuildPhase;
			buildActionMask = 2147483647;
			files = (
				20B7C7C424AFC5AF0098BBF6 /* Freelance_AppUITests.swift in Sources */,
			);
			runOnlyForDeploymentPostprocessing = 0;
		};
/* End PBXSourcesBuildPhase section */

/* Begin PBXTargetDependency section */
		20B7C7B624AFC5AF0098BBF6 /* PBXTargetDependency */ = {
			isa = PBXTargetDependency;
			target = 20B7C79A24AFC5AA0098BBF6 /* Freelance App */;
			targetProxy = 20B7C7B524AFC5AF0098BBF6 /* PBXContainerItemProxy */;
		};
		20B7C7C124AFC5AF0098BBF6 /* PBXTargetDependency */ = {
			isa = PBXTargetDependency;
			target = 20B7C79A24AFC5AA0098BBF6 /* Freelance App */;
			targetProxy = 20B7C7C024AFC5AF0098BBF6 /* PBXContainerItemProxy */;
		};
/* End PBXTargetDependency section */

/* Begin PBXVariantGroup section */
		20B7C7AC24AFC5AE0098BBF6 /* LaunchScreen.storyboard */ = {
			isa = PBXVariantGroup;
			children = (
				20B7C7AD24AFC5AE0098BBF6 /* Base */,
			);
			name = LaunchScreen.storyboard;
			sourceTree = "<group>";
		};
/* End PBXVariantGroup section */

/* Begin XCBuildConfiguration section */
		20B7C7C624AFC5AF0098BBF6 /* Debug */ = {
			isa = XCBuildConfiguration;
			buildSettings = {
				ALWAYS_SEARCH_USER_PATHS = NO;
				CLANG_ANALYZER_NONNULL = YES;
				CLANG_ANALYZER_NUMBER_OBJECT_CONVERSION = YES_AGGRESSIVE;
				CLANG_CXX_LANGUAGE_STANDARD = "gnu++14";
				CLANG_CXX_LIBRARY = "libc++";
				CLANG_ENABLE_MODULES = YES;
				CLANG_ENABLE_OBJC_ARC = YES;
				CLANG_ENABLE_OBJC_WEAK = YES;
				CLANG_WARN_BLOCK_CAPTURE_AUTORELEASING = YES;
				CLANG_WARN_BOOL_CONVERSION = YES;
				CLANG_WARN_COMMA = YES;
				CLANG_WARN_CONSTANT_CONVERSION = YES;
				CLANG_WARN_DEPRECATED_OBJC_IMPLEMENTATIONS = YES;
				CLANG_WARN_DIRECT_OBJC_ISA_USAGE = YES_ERROR;
				CLANG_WARN_DOCUMENTATION_COMMENTS = YES;
				CLANG_WARN_EMPTY_BODY = YES;
				CLANG_WARN_ENUM_CONVERSION = YES;
				CLANG_WARN_INFINITE_RECURSION = YES;
				CLANG_WARN_INT_CONVERSION = YES;
				CLANG_WARN_NON_LITERAL_NULL_CONVERSION = YES;
				CLANG_WARN_OBJC_IMPLICIT_RETAIN_SELF = YES;
				CLANG_WARN_OBJC_LITERAL_CONVERSION = YES;
				CLANG_WARN_OBJC_ROOT_CLASS = YES_ERROR;
				CLANG_WARN_RANGE_LOOP_ANALYSIS = YES;
				CLANG_WARN_STRICT_PROTOTYPES = YES;
				CLANG_WARN_SUSPICIOUS_MOVE = YES;
				CLANG_WARN_UNGUARDED_AVAILABILITY = YES_AGGRESSIVE;
				CLANG_WARN_UNREACHABLE_CODE = YES;
				CLANG_WARN__DUPLICATE_METHOD_MATCH = YES;
				COPY_PHASE_STRIP = NO;
				DEBUG_INFORMATION_FORMAT = dwarf;
				ENABLE_STRICT_OBJC_MSGSEND = YES;
				ENABLE_TESTABILITY = YES;
				GCC_C_LANGUAGE_STANDARD = gnu11;
				GCC_DYNAMIC_NO_PIC = NO;
				GCC_NO_COMMON_BLOCKS = YES;
				GCC_OPTIMIZATION_LEVEL = 0;
				GCC_PREPROCESSOR_DEFINITIONS = (
					"DEBUG=1",
					"$(inherited)",
				);
				GCC_WARN_64_TO_32_BIT_CONVERSION = YES;
				GCC_WARN_ABOUT_RETURN_TYPE = YES_ERROR;
				GCC_WARN_UNDECLARED_SELECTOR = YES;
				GCC_WARN_UNINITIALIZED_AUTOS = YES_AGGRESSIVE;
				GCC_WARN_UNUSED_FUNCTION = YES;
				GCC_WARN_UNUSED_VARIABLE = YES;
				IPHONEOS_DEPLOYMENT_TARGET = 13.4;
				MTL_ENABLE_DEBUG_INFO = INCLUDE_SOURCE;
				MTL_FAST_MATH = YES;
				ONLY_ACTIVE_ARCH = YES;
				SDKROOT = iphoneos;
				SWIFT_ACTIVE_COMPILATION_CONDITIONS = DEBUG;
				SWIFT_OPTIMIZATION_LEVEL = "-Onone";
			};
			name = Debug;
		};
		20B7C7C724AFC5AF0098BBF6 /* Release */ = {
			isa = XCBuildConfiguration;
			buildSettings = {
				ALWAYS_SEARCH_USER_PATHS = NO;
				CLANG_ANALYZER_NONNULL = YES;
				CLANG_ANALYZER_NUMBER_OBJECT_CONVERSION = YES_AGGRESSIVE;
				CLANG_CXX_LANGUAGE_STANDARD = "gnu++14";
				CLANG_CXX_LIBRARY = "libc++";
				CLANG_ENABLE_MODULES = YES;
				CLANG_ENABLE_OBJC_ARC = YES;
				CLANG_ENABLE_OBJC_WEAK = YES;
				CLANG_WARN_BLOCK_CAPTURE_AUTORELEASING = YES;
				CLANG_WARN_BOOL_CONVERSION = YES;
				CLANG_WARN_COMMA = YES;
				CLANG_WARN_CONSTANT_CONVERSION = YES;
				CLANG_WARN_DEPRECATED_OBJC_IMPLEMENTATIONS = YES;
				CLANG_WARN_DIRECT_OBJC_ISA_USAGE = YES_ERROR;
				CLANG_WARN_DOCUMENTATION_COMMENTS = YES;
				CLANG_WARN_EMPTY_BODY = YES;
				CLANG_WARN_ENUM_CONVERSION = YES;
				CLANG_WARN_INFINITE_RECURSION = YES;
				CLANG_WARN_INT_CONVERSION = YES;
				CLANG_WARN_NON_LITERAL_NULL_CONVERSION = YES;
				CLANG_WARN_OBJC_IMPLICIT_RETAIN_SELF = YES;
				CLANG_WARN_OBJC_LITERAL_CONVERSION = YES;
				CLANG_WARN_OBJC_ROOT_CLASS = YES_ERROR;
				CLANG_WARN_RANGE_LOOP_ANALYSIS = YES;
				CLANG_WARN_STRICT_PROTOTYPES = YES;
				CLANG_WARN_SUSPICIOUS_MOVE = YES;
				CLANG_WARN_UNGUARDED_AVAILABILITY = YES_AGGRESSIVE;
				CLANG_WARN_UNREACHABLE_CODE = YES;
				CLANG_WARN__DUPLICATE_METHOD_MATCH = YES;
				COPY_PHASE_STRIP = NO;
				DEBUG_INFORMATION_FORMAT = "dwarf-with-dsym";
				ENABLE_NS_ASSERTIONS = NO;
				ENABLE_STRICT_OBJC_MSGSEND = YES;
				GCC_C_LANGUAGE_STANDARD = gnu11;
				GCC_NO_COMMON_BLOCKS = YES;
				GCC_WARN_64_TO_32_BIT_CONVERSION = YES;
				GCC_WARN_ABOUT_RETURN_TYPE = YES_ERROR;
				GCC_WARN_UNDECLARED_SELECTOR = YES;
				GCC_WARN_UNINITIALIZED_AUTOS = YES_AGGRESSIVE;
				GCC_WARN_UNUSED_FUNCTION = YES;
				GCC_WARN_UNUSED_VARIABLE = YES;
				IPHONEOS_DEPLOYMENT_TARGET = 13.4;
				MTL_ENABLE_DEBUG_INFO = NO;
				MTL_FAST_MATH = YES;
				SDKROOT = iphoneos;
				SWIFT_COMPILATION_MODE = wholemodule;
				SWIFT_OPTIMIZATION_LEVEL = "-O";
				VALIDATE_PRODUCT = YES;
			};
			name = Release;
		};
		20B7C7C924AFC5AF0098BBF6 /* Debug */ = {
			isa = XCBuildConfiguration;
			baseConfigurationReference = C96531F8C40AF02B513189FD /* Pods-Freelance App.debug.xcconfig */;
			buildSettings = {
				ASSETCATALOG_COMPILER_APPICON_NAME = AppIcon;
				CODE_SIGN_STYLE = Automatic;
				DEVELOPMENT_ASSET_PATHS = "\"Freelance App/Preview Content\"";
				DEVELOPMENT_TEAM = GGN5KH2M3M;
				ENABLE_PREVIEWS = YES;
				INFOPLIST_FILE = "Freelance App/Info.plist";
				LD_RUNPATH_SEARCH_PATHS = (
					"$(inherited)",
					"@executable_path/Frameworks",
				);
				PRODUCT_BUNDLE_IDENTIFIER = "com.EvanRichard.Freelance-App";
				PRODUCT_NAME = "$(TARGET_NAME)";
				SWIFT_VERSION = 5.0;
				TARGETED_DEVICE_FAMILY = "1,2";
			};
			name = Debug;
		};
		20B7C7CA24AFC5AF0098BBF6 /* Release */ = {
			isa = XCBuildConfiguration;
			baseConfigurationReference = 32EDDC4B6DE554EE22A47E53 /* Pods-Freelance App.release.xcconfig */;
			buildSettings = {
				ASSETCATALOG_COMPILER_APPICON_NAME = AppIcon;
				CODE_SIGN_STYLE = Automatic;
				DEVELOPMENT_ASSET_PATHS = "\"Freelance App/Preview Content\"";
				DEVELOPMENT_TEAM = GGN5KH2M3M;
				ENABLE_PREVIEWS = YES;
				INFOPLIST_FILE = "Freelance App/Info.plist";
				LD_RUNPATH_SEARCH_PATHS = (
					"$(inherited)",
					"@executable_path/Frameworks",
				);
				PRODUCT_BUNDLE_IDENTIFIER = "com.EvanRichard.Freelance-App";
				PRODUCT_NAME = "$(TARGET_NAME)";
				SWIFT_VERSION = 5.0;
				TARGETED_DEVICE_FAMILY = "1,2";
			};
			name = Release;
		};
		20B7C7CC24AFC5AF0098BBF6 /* Debug */ = {
			isa = XCBuildConfiguration;
			baseConfigurationReference = ECE9626C894FB410345D0D69 /* Pods-Freelance AppTests.debug.xcconfig */;
			buildSettings = {
				ALWAYS_EMBED_SWIFT_STANDARD_LIBRARIES = YES;
				BUNDLE_LOADER = "$(TEST_HOST)";
				CODE_SIGN_STYLE = Automatic;
				DEVELOPMENT_TEAM = GGN5KH2M3M;
				INFOPLIST_FILE = "Freelance AppTests/Info.plist";
				IPHONEOS_DEPLOYMENT_TARGET = 13.4;
				LD_RUNPATH_SEARCH_PATHS = (
					"$(inherited)",
					"@executable_path/Frameworks",
					"@loader_path/Frameworks",
				);
				PRODUCT_BUNDLE_IDENTIFIER = "com.EvanRichard.Freelance-AppTests";
				PRODUCT_NAME = "$(TARGET_NAME)";
				SWIFT_VERSION = 5.0;
				TARGETED_DEVICE_FAMILY = "1,2";
				TEST_HOST = "$(BUILT_PRODUCTS_DIR)/Freelance App.app/Freelance App";
			};
			name = Debug;
		};
		20B7C7CD24AFC5AF0098BBF6 /* Release */ = {
			isa = XCBuildConfiguration;
			baseConfigurationReference = 7048593411DF8ED6765AEB09 /* Pods-Freelance AppTests.release.xcconfig */;
			buildSettings = {
				ALWAYS_EMBED_SWIFT_STANDARD_LIBRARIES = YES;
				BUNDLE_LOADER = "$(TEST_HOST)";
				CODE_SIGN_STYLE = Automatic;
				DEVELOPMENT_TEAM = GGN5KH2M3M;
				INFOPLIST_FILE = "Freelance AppTests/Info.plist";
				IPHONEOS_DEPLOYMENT_TARGET = 13.4;
				LD_RUNPATH_SEARCH_PATHS = (
					"$(inherited)",
					"@executable_path/Frameworks",
					"@loader_path/Frameworks",
				);
				PRODUCT_BUNDLE_IDENTIFIER = "com.EvanRichard.Freelance-AppTests";
				PRODUCT_NAME = "$(TARGET_NAME)";
				SWIFT_VERSION = 5.0;
				TARGETED_DEVICE_FAMILY = "1,2";
				TEST_HOST = "$(BUILT_PRODUCTS_DIR)/Freelance App.app/Freelance App";
			};
			name = Release;
		};
		20B7C7CF24AFC5AF0098BBF6 /* Debug */ = {
			isa = XCBuildConfiguration;
			baseConfigurationReference = 7C7F446B9E37576DD31C2FD1 /* Pods-Freelance App-Freelance AppUITests.debug.xcconfig */;
			buildSettings = {
				ALWAYS_EMBED_SWIFT_STANDARD_LIBRARIES = YES;
				CODE_SIGN_STYLE = Automatic;
				DEVELOPMENT_TEAM = GGN5KH2M3M;
				INFOPLIST_FILE = "Freelance AppUITests/Info.plist";
				LD_RUNPATH_SEARCH_PATHS = (
					"$(inherited)",
					"@executable_path/Frameworks",
					"@loader_path/Frameworks",
				);
				PRODUCT_BUNDLE_IDENTIFIER = "com.EvanRichard.Freelance-AppUITests";
				PRODUCT_NAME = "$(TARGET_NAME)";
				SWIFT_VERSION = 5.0;
				TARGETED_DEVICE_FAMILY = "1,2";
				TEST_TARGET_NAME = "Freelance App";
			};
			name = Debug;
		};
		20B7C7D024AFC5AF0098BBF6 /* Release */ = {
			isa = XCBuildConfiguration;
			baseConfigurationReference = 13DE3E101A4E9587C1F9FAE4 /* Pods-Freelance App-Freelance AppUITests.release.xcconfig */;
			buildSettings = {
				ALWAYS_EMBED_SWIFT_STANDARD_LIBRARIES = YES;
				CODE_SIGN_STYLE = Automatic;
				DEVELOPMENT_TEAM = GGN5KH2M3M;
				INFOPLIST_FILE = "Freelance AppUITests/Info.plist";
				LD_RUNPATH_SEARCH_PATHS = (
					"$(inherited)",
					"@executable_path/Frameworks",
					"@loader_path/Frameworks",
				);
				PRODUCT_BUNDLE_IDENTIFIER = "com.EvanRichard.Freelance-AppUITests";
				PRODUCT_NAME = "$(TARGET_NAME)";
				SWIFT_VERSION = 5.0;
				TARGETED_DEVICE_FAMILY = "1,2";
				TEST_TARGET_NAME = "Freelance App";
			};
			name = Release;
		};
/* End XCBuildConfiguration section */

/* Begin XCConfigurationList section */
		20B7C79624AFC5AA0098BBF6 /* Build configuration list for PBXProject "Freelance App" */ = {
			isa = XCConfigurationList;
			buildConfigurations = (
				20B7C7C624AFC5AF0098BBF6 /* Debug */,
				20B7C7C724AFC5AF0098BBF6 /* Release */,
			);
			defaultConfigurationIsVisible = 0;
			defaultConfigurationName = Release;
		};
		20B7C7C824AFC5AF0098BBF6 /* Build configuration list for PBXNativeTarget "Freelance App" */ = {
			isa = XCConfigurationList;
			buildConfigurations = (
				20B7C7C924AFC5AF0098BBF6 /* Debug */,
				20B7C7CA24AFC5AF0098BBF6 /* Release */,
			);
			defaultConfigurationIsVisible = 0;
			defaultConfigurationName = Release;
		};
		20B7C7CB24AFC5AF0098BBF6 /* Build configuration list for PBXNativeTarget "Freelance AppTests" */ = {
			isa = XCConfigurationList;
			buildConfigurations = (
				20B7C7CC24AFC5AF0098BBF6 /* Debug */,
				20B7C7CD24AFC5AF0098BBF6 /* Release */,
			);
			defaultConfigurationIsVisible = 0;
			defaultConfigurationName = Release;
		};
		20B7C7CE24AFC5AF0098BBF6 /* Build configuration list for PBXNativeTarget "Freelance AppUITests" */ = {
			isa = XCConfigurationList;
			buildConfigurations = (
				20B7C7CF24AFC5AF0098BBF6 /* Debug */,
				20B7C7D024AFC5AF0098BBF6 /* Release */,
			);
			defaultConfigurationIsVisible = 0;
			defaultConfigurationName = Release;
		};
/* End XCConfigurationList section */

/* Begin XCVersionGroup section */
		20B7C7A224AFC5AB0098BBF6 /* Freelance_App.xcdatamodeld */ = {
			isa = XCVersionGroup;
			children = (
				20B7C7A324AFC5AB0098BBF6 /* Freelance_App.xcdatamodel */,
			);
			currentVersion = 20B7C7A324AFC5AB0098BBF6 /* Freelance_App.xcdatamodel */;
			path = Freelance_App.xcdatamodeld;
			sourceTree = "<group>";
			versionGroupType = wrapper.xcdatamodel;
		};
/* End XCVersionGroup section */
	};
	rootObject = 20B7C79324AFC5AA0098BBF6 /* Project object */;
}
