// !$*UTF8*$!
{
	archiveVersion = 1;
	classes = {
	};
	objectVersion = 50;
	objects = {

/* Begin PBXBuildFile section */
		20B7C79F24AFC5AB0098BBF6 /* AppDelegate.swift in Sources */ = {isa = PBXBuildFile; fileRef = 20B7C79E24AFC5AB0098BBF6 /* AppDelegate.swift */; };
		20B7C7A124AFC5AB0098BBF6 /* SceneDelegate.swift in Sources */ = {isa = PBXBuildFile; fileRef = 20B7C7A024AFC5AB0098BBF6 /* SceneDelegate.swift */; };
		20B7C7A424AFC5AB0098BBF6 /* Freelance_App.xcdatamodeld in Sources */ = {isa = PBXBuildFile; fileRef = 20B7C7A224AFC5AB0098BBF6 /* Freelance_App.xcdatamodeld */; };
		20B7C7A624AFC5AB0098BBF6 /* ContentView.swift in Sources */ = {isa = PBXBuildFile; fileRef = 20B7C7A524AFC5AB0098BBF6 /* ContentView.swift */; };
		20B7C7A824AFC5AE0098BBF6 /* Assets.xcassets in Resources */ = {isa = PBXBuildFile; fileRef = 20B7C7A724AFC5AE0098BBF6 /* Assets.xcassets */; };
		20B7C7AB24AFC5AE0098BBF6 /* Preview Assets.xcassets in Resources */ = {isa = PBXBuildFile; fileRef = 20B7C7AA24AFC5AE0098BBF6 /* Preview Assets.xcassets */; };
		20B7C7AE24AFC5AE0098BBF6 /* LaunchScreen.storyboard in Resources */ = {isa = PBXBuildFile; fileRef = 20B7C7AC24AFC5AE0098BBF6 /* LaunchScreen.storyboard */; };
		20B7C7B924AFC5AF0098BBF6 /* Freelance_AppTests.swift in Sources */ = {isa = PBXBuildFile; fileRef = 20B7C7B824AFC5AF0098BBF6 /* Freelance_AppTests.swift */; };
		20B7C7C424AFC5AF0098BBF6 /* Freelance_AppUITests.swift in Sources */ = {isa = PBXBuildFile; fileRef = 20B7C7C324AFC5AF0098BBF6 /* Freelance_AppUITests.swift */; };
/* End PBXBuildFile section */

/* Begin PBXContainerItemProxy section */
		20B7C7B524AFC5AF0098BBF6 /* PBXContainerItemProxy */ = {
			isa = PBXContainerItemProxy;
			containerPortal = 20B7C79324AFC5AA0098BBF6 /* Project object */;
			proxyType = 1;
			remoteGlobalIDString = 20B7C79A24AFC5AA0098BBF6;
			remoteInfo = "Freelance App";
		};
		20B7C7C024AFC5AF0098BBF6 /* PBXContainerItemProxy */ = {
			isa = PBXContainerItemProxy;
			containerPortal = 20B7C79324AFC5AA0098BBF6 /* Project object */;
			proxyType = 1;
			remoteGlobalIDString = 20B7C79A24AFC5AA0098BBF6;
			remoteInfo = "Freelance App";
		};
/* End PBXContainerItemProxy section */

/* Begin PBXFileReference section */
		20B7C79B24AFC5AB0098BBF6 /* Freelance App.app */ = {isa = PBXFileReference; explicitFileType = wrapper.application; includeInIndex = 0; path = "Freelance App.app"; sourceTree = BUILT_PRODUCTS_DIR; };
		20B7C79E24AFC5AB0098BBF6 /* AppDelegate.swift */ = {isa = PBXFileReference; lastKnownFileType = sourcecode.swift; path = AppDelegate.swift; sourceTree = "<group>"; };
		20B7C7A024AFC5AB0098BBF6 /* SceneDelegate.swift */ = {isa = PBXFileReference; lastKnownFileType = sourcecode.swift; path = SceneDelegate.swift; sourceTree = "<group>"; };
		20B7C7A324AFC5AB0098BBF6 /* Freelance_App.xcdatamodel */ = {isa = PBXFileReference; lastKnownFileType = wrapper.xcdatamodel; path = Freelance_App.xcdatamodel; sourceTree = "<group>"; };
		20B7C7A524AFC5AB0098BBF6 /* ContentView.swift */ = {isa = PBXFileReference; lastKnownFileType = sourcecode.swift; path = ContentView.swift; sourceTree = "<group>"; };
		20B7C7A724AFC5AE0098BBF6 /* Assets.xcassets */ = {isa = PBXFileReference; lastKnownFileType = folder.assetcatalog; path = Assets.xcassets; sourceTree = "<group>"; };
		20B7C7AA24AFC5AE0098BBF6 /* Preview Assets.xcassets */ = {isa = PBXFileReference; lastKnownFileType = folder.assetcatalog; path = "Preview Assets.xcassets"; sourceTree = "<group>"; };
		20B7C7AD24AFC5AE0098BBF6 /* Base */ = {isa = PBXFileReference; lastKnownFileType = file.storyboard; name = Base; path = Base.lproj/LaunchScreen.storyboard; sourceTree = "<group>"; };
		20B7C7AF24AFC5AE0098BBF6 /* Info.plist */ = {isa = PBXFileReference; lastKnownFileType = text.plist.xml; path = Info.plist; sourceTree = "<group>"; };
		20B7C7B424AFC5AF0098BBF6 /* Freelance AppTests.xctest */ = {isa = PBXFileReference; explicitFileType = wrapper.cfbundle; includeInIndex = 0; path = "Freelance AppTests.xctest"; sourceTree = BUILT_PRODUCTS_DIR; };
		20B7C7B824AFC5AF0098BBF6 /* Freelance_AppTests.swift */ = {isa = PBXFileReference; lastKnownFileType = sourcecode.swift; path = Freelance_AppTests.swift; sourceTree = "<group>"; };
		20B7C7BA24AFC5AF0098BBF6 /* Info.plist */ = {isa = PBXFileReference; lastKnownFileType = text.plist.xml; path = Info.plist; sourceTree = "<group>"; };
		20B7C7BF24AFC5AF0098BBF6 /* Freelance AppUITests.xctest */ = {isa = PBXFileReference; explicitFileType = wrapper.cfbundle; includeInIndex = 0; path = "Freelance AppUITests.xctest"; sourceTree = BUILT_PRODUCTS_DIR; };
		20B7C7C324AFC5AF0098BBF6 /* Freelance_AppUITests.swift */ = {isa = PBXFileReference; lastKnownFileType = sourcecode.swift; path = Freelance_AppUITests.swift; sourceTree = "<group>"; };
		20B7C7C524AFC5AF0098BBF6 /* Info.plist */ = {isa = PBXFileReference; lastKnownFileType = text.plist.xml; path = Info.plist; sourceTree = "<group>"; };
/* End PBXFileReference section */

/* Begin PBXFrameworksBuildPhase section */
		20B7C79824AFC5AA0098BBF6 /* Frameworks */ = {
			isa = PBXFrameworksBuildPhase;
			buildActionMask = 2147483647;
			files = (
			);
			runOnlyForDeploymentPostprocessing = 0;
		};
		20B7C7B124AFC5AF0098BBF6 /* Frameworks */ = {
			isa = PBXFrameworksBuildPhase;
			buildActionMask = 2147483647;
			files = (
			);
			runOnlyForDeploymentPostprocessing = 0;
		};
		20B7C7BC24AFC5AF0098BBF6 /* Frameworks */ = {
			isa = PBXFrameworksBuildPhase;
			buildActionMask = 2147483647;
			files = (
			);
			runOnlyForDeploymentPostprocessing = 0;
		};
/* End PBXFrameworksBuildPhase section */

/* Begin PBXGroup section */
		20B7C79224AFC5AA0098BBF6 = {
			isa = PBXGroup;
			children = (
				20B7C79D24AFC5AB0098BBF6 /* Freelance App */,
				20B7C7B724AFC5AF0098BBF6 /* Freelance AppTests */,
				20B7C7C224AFC5AF0098BBF6 /* Freelance AppUITests */,
				20B7C79C24AFC5AB0098BBF6 /* Products */,
			);
			sourceTree = "<group>";
		};
		20B7C79C24AFC5AB0098BBF6 /* Products */ = {
			isa = PBXGroup;
			children = (
				20B7C79B24AFC5AB0098BBF6 /* Freelance App.app */,
				20B7C7B424AFC5AF0098BBF6 /* Freelance AppTests.xctest */,
				20B7C7BF24AFC5AF0098BBF6 /* Freelance AppUITests.xctest */,
			);
			name = Products;
			sourceTree = "<group>";
		};
		20B7C79D24AFC5AB0098BBF6 /* Freelance App */ = {
			isa = PBXGroup;
			children = (
				20B7C79E24AFC5AB0098BBF6 /* AppDelegate.swift */,
				20B7C7A024AFC5AB0098BBF6 /* SceneDelegate.swift */,
				20B7C7A524AFC5AB0098BBF6 /* ContentView.swift */,
				20B7C7A724AFC5AE0098BBF6 /* Assets.xcassets */,
				20B7C7AC24AFC5AE0098BBF6 /* LaunchScreen.storyboard */,
				20B7C7AF24AFC5AE0098BBF6 /* Info.plist */,
				20B7C7A224AFC5AB0098BBF6 /* Freelance_App.xcdatamodeld */,
				20B7C7A924AFC5AE0098BBF6 /* Preview Content */,
			);
			path = "Freelance App";
			sourceTree = "<group>";
		};
		20B7C7A924AFC5AE0098BBF6 /* Preview Content */ = {
			isa = PBXGroup;
			children = (
				20B7C7AA24AFC5AE0098BBF6 /* Preview Assets.xcassets */,
			);
			path = "Preview Content";
			sourceTree = "<group>";
		};
		20B7C7B724AFC5AF0098BBF6 /* Freelance AppTests */ = {
			isa = PBXGroup;
			children = (
				20B7C7B824AFC5AF0098BBF6 /* Freelance_AppTests.swift */,
				20B7C7BA24AFC5AF0098BBF6 /* Info.plist */,
			);
			path = "Freelance AppTests";
			sourceTree = "<group>";
		};
		20B7C7C224AFC5AF0098BBF6 /* Freelance AppUITests */ = {
			isa = PBXGroup;
			children = (
				20B7C7C324AFC5AF0098BBF6 /* Freelance_AppUITests.swift */,
				20B7C7C524AFC5AF0098BBF6 /* Info.plist */,
			);
			path = "Freelance AppUITests";
			sourceTree = "<group>";
		};
/* End PBXGroup section */

/* Begin PBXNativeTarget section */
		20B7C79A24AFC5AA0098BBF6 /* Freelance App */ = {
			isa = PBXNativeTarget;
			buildConfigurationList = 20B7C7C824AFC5AF0098BBF6 /* Build configuration list for PBXNativeTarget "Freelance App" */;
			buildPhases = (
				20B7C79724AFC5AA0098BBF6 /* Sources */,
				20B7C79824AFC5AA0098BBF6 /* Frameworks */,
				20B7C79924AFC5AA0098BBF6 /* Resources */,
			);
			buildRules = (
			);
			dependencies = (
			);
			name = "Freelance App";
			productName = "Freelance App";
			productReference = 20B7C79B24AFC5AB0098BBF6 /* Freelance App.app */;
			productType = "com.apple.product-type.application";
		};
		20B7C7B324AFC5AF0098BBF6 /* Freelance AppTests */ = {
			isa = PBXNativeTarget;
			buildConfigurationList = 20B7C7CB24AFC5AF0098BBF6 /* Build configuration list for PBXNativeTarget "Freelance AppTests" */;
			buildPhases = (
				20B7C7B024AFC5AF0098BBF6 /* Sources */,
				20B7C7B124AFC5AF0098BBF6 /* Frameworks */,
				20B7C7B224AFC5AF0098BBF6 /* Resources */,
			);
			buildRules = (
			);
			dependencies = (
				20B7C7B624AFC5AF0098BBF6 /* PBXTargetDependency */,
			);
			name = "Freelance AppTests";
			productName = "Freelance AppTests";
			productReference = 20B7C7B424AFC5AF0098BBF6 /* Freelance AppTests.xctest */;
			productType = "com.apple.product-type.bundle.unit-test";
		};
		20B7C7BE24AFC5AF0098BBF6 /* Freelance AppUITests */ = {
			isa = PBXNativeTarget;
			buildConfigurationList = 20B7C7CE24AFC5AF0098BBF6 /* Build configuration list for PBXNativeTarget "Freelance AppUITests" */;
			buildPhases = (
				20B7C7BB24AFC5AF0098BBF6 /* Sources */,
				20B7C7BC24AFC5AF0098BBF6 /* Frameworks */,
				20B7C7BD24AFC5AF0098BBF6 /* Resources */,
			);
			buildRules = (
			);
			dependencies = (
				20B7C7C124AFC5AF0098BBF6 /* PBXTargetDependency */,
			);
			name = "Freelance AppUITests";
			productName = "Freelance AppUITests";
			productReference = 20B7C7BF24AFC5AF0098BBF6 /* Freelance AppUITests.xctest */;
			productType = "com.apple.product-type.bundle.ui-testing";
		};
/* End PBXNativeTarget section */

/* Begin PBXProject section */
		20B7C79324AFC5AA0098BBF6 /* Project object */ = {
			isa = PBXProject;
			attributes = {
				LastSwiftUpdateCheck = 1140;
				LastUpgradeCheck = 1140;
				ORGANIZATIONNAME = EvanRichard;
				TargetAttributes = {
					20B7C79A24AFC5AA0098BBF6 = {
						CreatedOnToolsVersion = 11.4.1;
					};
					20B7C7B324AFC5AF0098BBF6 = {
						CreatedOnToolsVersion = 11.4.1;
						TestTargetID = 20B7C79A24AFC5AA0098BBF6;
					};
					20B7C7BE24AFC5AF0098BBF6 = {
						CreatedOnToolsVersion = 11.4.1;
						TestTargetID = 20B7C79A24AFC5AA0098BBF6;
					};
				};
			};
			buildConfigurationList = 20B7C79624AFC5AA0098BBF6 /* Build configuration list for PBXProject "Freelance App" */;
			compatibilityVersion = "Xcode 9.3";
			developmentRegion = en;
			hasScannedForEncodings = 0;
			knownRegions = (
				en,
				Base,
			);
			mainGroup = 20B7C79224AFC5AA0098BBF6;
			productRefGroup = 20B7C79C24AFC5AB0098BBF6 /* Products */;
			projectDirPath = "";
			projectRoot = "";
			targets = (
				20B7C79A24AFC5AA0098BBF6 /* Freelance App */,
				20B7C7B324AFC5AF0098BBF6 /* Freelance AppTests */,
				20B7C7BE24AFC5AF0098BBF6 /* Freelance AppUITests */,
			);
		};
/* End PBXProject section */

/* Begin PBXResourcesBuildPhase section */
		20B7C79924AFC5AA0098BBF6 /* Resources */ = {
			isa = PBXResourcesBuildPhase;
			buildActionMask = 2147483647;
			files = (
				20B7C7AE24AFC5AE0098BBF6 /* LaunchScreen.storyboard in Resources */,
				20B7C7AB24AFC5AE0098BBF6 /* Preview Assets.xcassets in Resources */,
				20B7C7A824AFC5AE0098BBF6 /* Assets.xcassets in Resources */,
			);
			runOnlyForDeploymentPostprocessing = 0;
		};
		20B7C7B224AFC5AF0098BBF6 /* Resources */ = {
			isa = PBXResourcesBuildPhase;
			buildActionMask = 2147483647;
			files = (
			);
			runOnlyForDeploymentPostprocessing = 0;
		};
		20B7C7BD24AFC5AF0098BBF6 /* Resources */ = {
			isa = PBXResourcesBuildPhase;
			buildActionMask = 2147483647;
			files = (
			);
			runOnlyForDeploymentPostprocessing = 0;
		};
/* End PBXResourcesBuildPhase section */

/* Begin PBXSourcesBuildPhase section */
		20B7C79724AFC5AA0098BBF6 /* Sources */ = {
			isa = PBXSourcesBuildPhase;
			buildActionMask = 2147483647;
			files = (
				20B7C79F24AFC5AB0098BBF6 /* AppDelegate.swift in Sources */,
				20B7C7A124AFC5AB0098BBF6 /* SceneDelegate.swift in Sources */,
				20B7C7A624AFC5AB0098BBF6 /* ContentView.swift in Sources */,
				20B7C7A424AFC5AB0098BBF6 /* Freelance_App.xcdatamodeld in Sources */,
			);
			runOnlyForDeploymentPostprocessing = 0;
		};
		20B7C7B024AFC5AF0098BBF6 /* Sources */ = {
			isa = PBXSourcesBuildPhase;
			buildActionMask = 2147483647;
			files = (
				20B7C7B924AFC5AF0098BBF6 /* Freelance_AppTests.swift in Sources */,
			);
			runOnlyForDeploymentPostprocessing = 0;
		};
		20B7C7BB24AFC5AF0098BBF6 /* Sources */ = {
			isa = PBXSourcesBuildPhase;
			buildActionMask = 2147483647;
			files = (
				20B7C7C424AFC5AF0098BBF6 /* Freelance_AppUITests.swift in Sources */,
			);
			runOnlyForDeploymentPostprocessing = 0;
		};
/* End PBXSourcesBuildPhase section */

/* Begin PBXTargetDependency section */
		20B7C7B624AFC5AF0098BBF6 /* PBXTargetDependency */ = {
			isa = PBXTargetDependency;
			target = 20B7C79A24AFC5AA0098BBF6 /* Freelance App */;
			targetProxy = 20B7C7B524AFC5AF0098BBF6 /* PBXContainerItemProxy */;
		};
		20B7C7C124AFC5AF0098BBF6 /* PBXTargetDependency */ = {
			isa = PBXTargetDependency;
			target = 20B7C79A24AFC5AA0098BBF6 /* Freelance App */;
			targetProxy = 20B7C7C024AFC5AF0098BBF6 /* PBXContainerItemProxy */;
		};
/* End PBXTargetDependency section */

/* Begin PBXVariantGroup section */
		20B7C7AC24AFC5AE0098BBF6 /* LaunchScreen.storyboard */ = {
			isa = PBXVariantGroup;
			children = (
				20B7C7AD24AFC5AE0098BBF6 /* Base */,
			);
			name = LaunchScreen.storyboard;
			sourceTree = "<group>";
		};
/* End PBXVariantGroup section */

/* Begin XCBuildConfiguration section */
		20B7C7C624AFC5AF0098BBF6 /* Debug */ = {
			isa = XCBuildConfiguration;
			buildSettings = {
				ALWAYS_SEARCH_USER_PATHS = NO;
				CLANG_ANALYZER_NONNULL = YES;
				CLANG_ANALYZER_NUMBER_OBJECT_CONVERSION = YES_AGGRESSIVE;
				CLANG_CXX_LANGUAGE_STANDARD = "gnu++14";
				CLANG_CXX_LIBRARY = "libc++";
				CLANG_ENABLE_MODULES = YES;
				CLANG_ENABLE_OBJC_ARC = YES;
				CLANG_ENABLE_OBJC_WEAK = YES;
				CLANG_WARN_BLOCK_CAPTURE_AUTORELEASING = YES;
				CLANG_WARN_BOOL_CONVERSION = YES;
				CLANG_WARN_COMMA = YES;
				CLANG_WARN_CONSTANT_CONVERSION = YES;
				CLANG_WARN_DEPRECATED_OBJC_IMPLEMENTATIONS = YES;
				CLANG_WARN_DIRECT_OBJC_ISA_USAGE = YES_ERROR;
				CLANG_WARN_DOCUMENTATION_COMMENTS = YES;
				CLANG_WARN_EMPTY_BODY = YES;
				CLANG_WARN_ENUM_CONVERSION = YES;
				CLANG_WARN_INFINITE_RECURSION = YES;
				CLANG_WARN_INT_CONVERSION = YES;
				CLANG_WARN_NON_LITERAL_NULL_CONVERSION = YES;
				CLANG_WARN_OBJC_IMPLICIT_RETAIN_SELF = YES;
				CLANG_WARN_OBJC_LITERAL_CONVERSION = YES;
				CLANG_WARN_OBJC_ROOT_CLASS = YES_ERROR;
				CLANG_WARN_RANGE_LOOP_ANALYSIS = YES;
				CLANG_WARN_STRICT_PROTOTYPES = YES;
				CLANG_WARN_SUSPICIOUS_MOVE = YES;
				CLANG_WARN_UNGUARDED_AVAILABILITY = YES_AGGRESSIVE;
				CLANG_WARN_UNREACHABLE_CODE = YES;
				CLANG_WARN__DUPLICATE_METHOD_MATCH = YES;
				COPY_PHASE_STRIP = NO;
				DEBUG_INFORMATION_FORMAT = dwarf;
				ENABLE_STRICT_OBJC_MSGSEND = YES;
				ENABLE_TESTABILITY = YES;
				GCC_C_LANGUAGE_STANDARD = gnu11;
				GCC_DYNAMIC_NO_PIC = NO;
				GCC_NO_COMMON_BLOCKS = YES;
				GCC_OPTIMIZATION_LEVEL = 0;
				GCC_PREPROCESSOR_DEFINITIONS = (
					"DEBUG=1",
					"$(inherited)",
				);
				GCC_WARN_64_TO_32_BIT_CONVERSION = YES;
				GCC_WARN_ABOUT_RETURN_TYPE = YES_ERROR;
				GCC_WARN_UNDECLARED_SELECTOR = YES;
				GCC_WARN_UNINITIALIZED_AUTOS = YES_AGGRESSIVE;
				GCC_WARN_UNUSED_FUNCTION = YES;
				GCC_WARN_UNUSED_VARIABLE = YES;
				IPHONEOS_DEPLOYMENT_TARGET = 13.4;
				MTL_ENABLE_DEBUG_INFO = INCLUDE_SOURCE;
				MTL_FAST_MATH = YES;
				ONLY_ACTIVE_ARCH = YES;
				SDKROOT = iphoneos;
				SWIFT_ACTIVE_COMPILATION_CONDITIONS = DEBUG;
				SWIFT_OPTIMIZATION_LEVEL = "-Onone";
			};
			name = Debug;
		};
		20B7C7C724AFC5AF0098BBF6 /* Release */ = {
			isa = XCBuildConfiguration;
			buildSettings = {
				ALWAYS_SEARCH_USER_PATHS = NO;
				CLANG_ANALYZER_NONNULL = YES;
				CLANG_ANALYZER_NUMBER_OBJECT_CONVERSION = YES_AGGRESSIVE;
				CLANG_CXX_LANGUAGE_STANDARD = "gnu++14";
				CLANG_CXX_LIBRARY = "libc++";
				CLANG_ENABLE_MODULES = YES;
				CLANG_ENABLE_OBJC_ARC = YES;
				CLANG_ENABLE_OBJC_WEAK = YES;
				CLANG_WARN_BLOCK_CAPTURE_AUTORELEASING = YES;
				CLANG_WARN_BOOL_CONVERSION = YES;
				CLANG_WARN_COMMA = YES;
				CLANG_WARN_CONSTANT_CONVERSION = YES;
				CLANG_WARN_DEPRECATED_OBJC_IMPLEMENTATIONS = YES;
				CLANG_WARN_DIRECT_OBJC_ISA_USAGE = YES_ERROR;
				CLANG_WARN_DOCUMENTATION_COMMENTS = YES;
				CLANG_WARN_EMPTY_BODY = YES;
				CLANG_WARN_ENUM_CONVERSION = YES;
				CLANG_WARN_INFINITE_RECURSION = YES;
				CLANG_WARN_INT_CONVERSION = YES;
				CLANG_WARN_NON_LITERAL_NULL_CONVERSION = YES;
				CLANG_WARN_OBJC_IMPLICIT_RETAIN_SELF = YES;
				CLANG_WARN_OBJC_LITERAL_CONVERSION = YES;
				CLANG_WARN_OBJC_ROOT_CLASS = YES_ERROR;
				CLANG_WARN_RANGE_LOOP_ANALYSIS = YES;
				CLANG_WARN_STRICT_PROTOTYPES = YES;
				CLANG_WARN_SUSPICIOUS_MOVE = YES;
				CLANG_WARN_UNGUARDED_AVAILABILITY = YES_AGGRESSIVE;
				CLANG_WARN_UNREACHABLE_CODE = YES;
				CLANG_WARN__DUPLICATE_METHOD_MATCH = YES;
				COPY_PHASE_STRIP = NO;
				DEBUG_INFORMATION_FORMAT = "dwarf-with-dsym";
				ENABLE_NS_ASSERTIONS = NO;
				ENABLE_STRICT_OBJC_MSGSEND = YES;
				GCC_C_LANGUAGE_STANDARD = gnu11;
				GCC_NO_COMMON_BLOCKS = YES;
				GCC_WARN_64_TO_32_BIT_CONVERSION = YES;
				GCC_WARN_ABOUT_RETURN_TYPE = YES_ERROR;
				GCC_WARN_UNDECLARED_SELECTOR = YES;
				GCC_WARN_UNINITIALIZED_AUTOS = YES_AGGRESSIVE;
				GCC_WARN_UNUSED_FUNCTION = YES;
				GCC_WARN_UNUSED_VARIABLE = YES;
				IPHONEOS_DEPLOYMENT_TARGET = 13.4;
				MTL_ENABLE_DEBUG_INFO = NO;
				MTL_FAST_MATH = YES;
				SDKROOT = iphoneos;
				SWIFT_COMPILATION_MODE = wholemodule;
				SWIFT_OPTIMIZATION_LEVEL = "-O";
				VALIDATE_PRODUCT = YES;
			};
			name = Release;
		};
		20B7C7C924AFC5AF0098BBF6 /* Debug */ = {
			isa = XCBuildConfiguration;
			buildSettings = {
				ASSETCATALOG_COMPILER_APPICON_NAME = AppIcon;
				CODE_SIGN_STYLE = Automatic;
				DEVELOPMENT_ASSET_PATHS = "\"Freelance App/Preview Content\"";
				DEVELOPMENT_TEAM = GGN5KH2M3M;
				ENABLE_PREVIEWS = YES;
				INFOPLIST_FILE = "Freelance App/Info.plist";
				LD_RUNPATH_SEARCH_PATHS = (
					"$(inherited)",
					"@executable_path/Frameworks",
				);
				PRODUCT_BUNDLE_IDENTIFIER = "com.EvanRichard.Freelance-App";
				PRODUCT_NAME = "$(TARGET_NAME)";
				SWIFT_VERSION = 5.0;
				TARGETED_DEVICE_FAMILY = "1,2";
			};
			name = Debug;
		};
		20B7C7CA24AFC5AF0098BBF6 /* Release */ = {
			isa = XCBuildConfiguration;
			buildSettings = {
				ASSETCATALOG_COMPILER_APPICON_NAME = AppIcon;
				CODE_SIGN_STYLE = Automatic;
				DEVELOPMENT_ASSET_PATHS = "\"Freelance App/Preview Content\"";
				DEVELOPMENT_TEAM = GGN5KH2M3M;
				ENABLE_PREVIEWS = YES;
				INFOPLIST_FILE = "Freelance App/Info.plist";
				LD_RUNPATH_SEARCH_PATHS = (
					"$(inherited)",
					"@executable_path/Frameworks",
				);
				PRODUCT_BUNDLE_IDENTIFIER = "com.EvanRichard.Freelance-App";
				PRODUCT_NAME = "$(TARGET_NAME)";
				SWIFT_VERSION = 5.0;
				TARGETED_DEVICE_FAMILY = "1,2";
			};
			name = Release;
		};
		20B7C7CC24AFC5AF0098BBF6 /* Debug */ = {
			isa = XCBuildConfiguration;
			buildSettings = {
				ALWAYS_EMBED_SWIFT_STANDARD_LIBRARIES = YES;
				BUNDLE_LOADER = "$(TEST_HOST)";
				CODE_SIGN_STYLE = Automatic;
				DEVELOPMENT_TEAM = GGN5KH2M3M;
				INFOPLIST_FILE = "Freelance AppTests/Info.plist";
				IPHONEOS_DEPLOYMENT_TARGET = 13.4;
				LD_RUNPATH_SEARCH_PATHS = (
					"$(inherited)",
					"@executable_path/Frameworks",
					"@loader_path/Frameworks",
				);
				PRODUCT_BUNDLE_IDENTIFIER = "com.EvanRichard.Freelance-AppTests";
				PRODUCT_NAME = "$(TARGET_NAME)";
				SWIFT_VERSION = 5.0;
				TARGETED_DEVICE_FAMILY = "1,2";
				TEST_HOST = "$(BUILT_PRODUCTS_DIR)/Freelance App.app/Freelance App";
			};
			name = Debug;
		};
		20B7C7CD24AFC5AF0098BBF6 /* Release */ = {
			isa = XCBuildConfiguration;
			buildSettings = {
				ALWAYS_EMBED_SWIFT_STANDARD_LIBRARIES = YES;
				BUNDLE_LOADER = "$(TEST_HOST)";
				CODE_SIGN_STYLE = Automatic;
				DEVELOPMENT_TEAM = GGN5KH2M3M;
				INFOPLIST_FILE = "Freelance AppTests/Info.plist";
				IPHONEOS_DEPLOYMENT_TARGET = 13.4;
				LD_RUNPATH_SEARCH_PATHS = (
					"$(inherited)",
					"@executable_path/Frameworks",
					"@loader_path/Frameworks",
				);
				PRODUCT_BUNDLE_IDENTIFIER = "com.EvanRichard.Freelance-AppTests";
				PRODUCT_NAME = "$(TARGET_NAME)";
				SWIFT_VERSION = 5.0;
				TARGETED_DEVICE_FAMILY = "1,2";
				TEST_HOST = "$(BUILT_PRODUCTS_DIR)/Freelance App.app/Freelance App";
			};
			name = Release;
		};
		20B7C7CF24AFC5AF0098BBF6 /* Debug */ = {
			isa = XCBuildConfiguration;
			buildSettings = {
				ALWAYS_EMBED_SWIFT_STANDARD_LIBRARIES = YES;
				CODE_SIGN_STYLE = Automatic;
				DEVELOPMENT_TEAM = GGN5KH2M3M;
				INFOPLIST_FILE = "Freelance AppUITests/Info.plist";
				LD_RUNPATH_SEARCH_PATHS = (
					"$(inherited)",
					"@executable_path/Frameworks",
					"@loader_path/Frameworks",
				);
				PRODUCT_BUNDLE_IDENTIFIER = "com.EvanRichard.Freelance-AppUITests";
				PRODUCT_NAME = "$(TARGET_NAME)";
				SWIFT_VERSION = 5.0;
				TARGETED_DEVICE_FAMILY = "1,2";
				TEST_TARGET_NAME = "Freelance App";
			};
			name = Debug;
		};
		20B7C7D024AFC5AF0098BBF6 /* Release */ = {
			isa = XCBuildConfiguration;
			buildSettings = {
				ALWAYS_EMBED_SWIFT_STANDARD_LIBRARIES = YES;
				CODE_SIGN_STYLE = Automatic;
				DEVELOPMENT_TEAM = GGN5KH2M3M;
				INFOPLIST_FILE = "Freelance AppUITests/Info.plist";
				LD_RUNPATH_SEARCH_PATHS = (
					"$(inherited)",
					"@executable_path/Frameworks",
					"@loader_path/Frameworks",
				);
				PRODUCT_BUNDLE_IDENTIFIER = "com.EvanRichard.Freelance-AppUITests";
				PRODUCT_NAME = "$(TARGET_NAME)";
				SWIFT_VERSION = 5.0;
				TARGETED_DEVICE_FAMILY = "1,2";
				TEST_TARGET_NAME = "Freelance App";
			};
			name = Release;
		};
/* End XCBuildConfiguration section */

/* Begin XCConfigurationList section */
		20B7C79624AFC5AA0098BBF6 /* Build configuration list for PBXProject "Freelance App" */ = {
			isa = XCConfigurationList;
			buildConfigurations = (
				20B7C7C624AFC5AF0098BBF6 /* Debug */,
				20B7C7C724AFC5AF0098BBF6 /* Release */,
			);
			defaultConfigurationIsVisible = 0;
			defaultConfigurationName = Release;
		};
		20B7C7C824AFC5AF0098BBF6 /* Build configuration list for PBXNativeTarget "Freelance App" */ = {
			isa = XCConfigurationList;
			buildConfigurations = (
				20B7C7C924AFC5AF0098BBF6 /* Debug */,
				20B7C7CA24AFC5AF0098BBF6 /* Release */,
			);
			defaultConfigurationIsVisible = 0;
			defaultConfigurationName = Release;
		};
		20B7C7CB24AFC5AF0098BBF6 /* Build configuration list for PBXNativeTarget "Freelance AppTests" */ = {
			isa = XCConfigurationList;
			buildConfigurations = (
				20B7C7CC24AFC5AF0098BBF6 /* Debug */,
				20B7C7CD24AFC5AF0098BBF6 /* Release */,
			);
			defaultConfigurationIsVisible = 0;
			defaultConfigurationName = Release;
		};
		20B7C7CE24AFC5AF0098BBF6 /* Build configuration list for PBXNativeTarget "Freelance AppUITests" */ = {
			isa = XCConfigurationList;
			buildConfigurations = (
				20B7C7CF24AFC5AF0098BBF6 /* Debug */,
				20B7C7D024AFC5AF0098BBF6 /* Release */,
			);
			defaultConfigurationIsVisible = 0;
			defaultConfigurationName = Release;
		};
/* End XCConfigurationList section */

/* Begin XCVersionGroup section */
		20B7C7A224AFC5AB0098BBF6 /* Freelance_App.xcdatamodeld */ = {
			isa = XCVersionGroup;
			children = (
				20B7C7A324AFC5AB0098BBF6 /* Freelance_App.xcdatamodel */,
			);
			currentVersion = 20B7C7A324AFC5AB0098BBF6 /* Freelance_App.xcdatamodel */;
			path = Freelance_App.xcdatamodeld;
			sourceTree = "<group>";
			versionGroupType = wrapper.xcdatamodel;
		};
/* End XCVersionGroup section */
	};
	rootObject = 20B7C79324AFC5AA0098BBF6 /* Project object */;
}
